// !$*UTF8*$!
{
	archiveVersion = 1;
	classes = {
	};
	objectVersion = 56;
	objects = {

/* Begin PBXBuildFile section */
		24122BBE2CA01C0300B2F090 /* Assets.xcassets in Resources */ = {isa = PBXBuildFile; fileRef = 24122B9C2CA01C0300B2F090 /* Assets.xcassets */; };
		24122BC12CA01C0300B2F090 /* LaunchScreen.strings in Resources */ = {isa = PBXBuildFile; fileRef = 24122BA72CA01C0300B2F090 /* LaunchScreen.strings */; };
		24122BC22CA01C0300B2F090 /* Localizable.strings in Resources */ = {isa = PBXBuildFile; fileRef = 24122BB02CA01C0300B2F090 /* Localizable.strings */; };
		24122BC32CA01C0300B2F090 /* Localizable.stringsdict in Resources */ = {isa = PBXBuildFile; fileRef = 24122BB92CA01C0300B2F090 /* Localizable.stringsdict */; };
		24122BC42CA01C0300B2F090 /* GeometricParams.swift in Sources */ = {isa = PBXBuildFile; fileRef = 24122B472CA01C0300B2F090 /* GeometricParams.swift */; };
		24122BC52CA01C0300B2F090 /* GlobalFunc.swift in Sources */ = {isa = PBXBuildFile; fileRef = 24122B482CA01C0300B2F090 /* GlobalFunc.swift */; };
		24122BC62CA01C0300B2F090 /* Logger.swift in Sources */ = {isa = PBXBuildFile; fileRef = 24122B492CA01C0300B2F090 /* Logger.swift */; };
		24122BC72CA01C0300B2F090 /* Notification + Extension.swift in Sources */ = {isa = PBXBuildFile; fileRef = 24122B4A2CA01C0300B2F090 /* Notification + Extension.swift */; };
		24122BC82CA01C0300B2F090 /* Placeholder.swift in Sources */ = {isa = PBXBuildFile; fileRef = 24122B4B2CA01C0300B2F090 /* Placeholder.swift */; };
		24122BC92CA01C0300B2F090 /* UIButton + Extensions.swift in Sources */ = {isa = PBXBuildFile; fileRef = 24122B4C2CA01C0300B2F090 /* UIButton + Extensions.swift */; };
		24122BCA2CA01C0300B2F090 /* UIColor + Extensions.swift in Sources */ = {isa = PBXBuildFile; fileRef = 24122B4D2CA01C0300B2F090 /* UIColor + Extensions.swift */; };
		24122BCB2CA01C0300B2F090 /* UIView + Extension.swift in Sources */ = {isa = PBXBuildFile; fileRef = 24122B4E2CA01C0300B2F090 /* UIView + Extension.swift */; };
		24122BCC2CA01C0300B2F090 /* StatisticsData.swift in Sources */ = {isa = PBXBuildFile; fileRef = 24122B502CA01C0300B2F090 /* StatisticsData.swift */; };
		24122BCD2CA01C0300B2F090 /* StatisticCell.swift in Sources */ = {isa = PBXBuildFile; fileRef = 24122B522CA01C0300B2F090 /* StatisticCell.swift */; };
		24122BCE2CA01C0300B2F090 /* StatisticsViewController.swift in Sources */ = {isa = PBXBuildFile; fileRef = 24122B532CA01C0300B2F090 /* StatisticsViewController.swift */; };
		24122BCF2CA01C0300B2F090 /* StatisticsViewModel.swift in Sources */ = {isa = PBXBuildFile; fileRef = 24122B542CA01C0300B2F090 /* StatisticsViewModel.swift */; };
		24122BD02CA01C0300B2F090 /* CategoryCell.swift in Sources */ = {isa = PBXBuildFile; fileRef = 24122B562CA01C0300B2F090 /* CategoryCell.swift */; };
		24122BD12CA01C0300B2F090 /* CategoryViewController.swift in Sources */ = {isa = PBXBuildFile; fileRef = 24122B572CA01C0300B2F090 /* CategoryViewController.swift */; };
		24122BD22CA01C0300B2F090 /* CategoryViewModel.swift in Sources */ = {isa = PBXBuildFile; fileRef = 24122B582CA01C0300B2F090 /* CategoryViewModel.swift */; };
		24122BD32CA01C0300B2F090 /* CategoryBaseCell.swift in Sources */ = {isa = PBXBuildFile; fileRef = 24122B5A2CA01C0300B2F090 /* CategoryBaseCell.swift */; };
		24122BD42CA01C0300B2F090 /* CreateButtonsViewCell.swift in Sources */ = {isa = PBXBuildFile; fileRef = 24122B5B2CA01C0300B2F090 /* CreateButtonsViewCell.swift */; };
		24122BD52CA01C0300B2F090 /* EmojiesAndColorsCollectionViewCell.swift in Sources */ = {isa = PBXBuildFile; fileRef = 24122B5C2CA01C0300B2F090 /* EmojiesAndColorsCollectionViewCell.swift */; };
		24122BD62CA01C0300B2F090 /* EmojiesAndColorsTableViewCell.swift in Sources */ = {isa = PBXBuildFile; fileRef = 24122B5D2CA01C0300B2F090 /* EmojiesAndColorsTableViewCell.swift */; };
		24122BD72CA01C0300B2F090 /* TextViewCell.swift in Sources */ = {isa = PBXBuildFile; fileRef = 24122B5E2CA01C0300B2F090 /* TextViewCell.swift */; };
		24122BD82CA01C0300B2F090 /* CreatingTrackerViewController.swift in Sources */ = {isa = PBXBuildFile; fileRef = 24122B602CA01C0300B2F090 /* CreatingTrackerViewController.swift */; };
		24122BD92CA01C0300B2F090 /* TrackerSection.swift in Sources */ = {isa = PBXBuildFile; fileRef = 24122B612CA01C0300B2F090 /* TrackerSection.swift */; };
		24122BDA2CA01C0300B2F090 /* FilterViewController.swift in Sources */ = {isa = PBXBuildFile; fileRef = 24122B632CA01C0300B2F090 /* FilterViewController.swift */; };
		24122BDB2CA01C0300B2F090 /* TrackersFilterManager.swift in Sources */ = {isa = PBXBuildFile; fileRef = 24122B642CA01C0300B2F090 /* TrackersFilterManager.swift */; };
		24122BDC2CA01C0300B2F090 /* ScheduleCell.swift in Sources */ = {isa = PBXBuildFile; fileRef = 24122B662CA01C0300B2F090 /* ScheduleCell.swift */; };
		24122BDD2CA01C0300B2F090 /* ScheduleViewController.swift in Sources */ = {isa = PBXBuildFile; fileRef = 24122B672CA01C0300B2F090 /* ScheduleViewController.swift */; };
		24122BDE2CA01C0300B2F090 /* TrackersContextMenuHelper.swift in Sources */ = {isa = PBXBuildFile; fileRef = 24122B692CA01C0300B2F090 /* TrackersContextMenuHelper.swift */; };
		24122BDF2CA01C0300B2F090 /* SectionHeaderView.swift in Sources */ = {isa = PBXBuildFile; fileRef = 24122B6B2CA01C0300B2F090 /* SectionHeaderView.swift */; };
		24122BE02CA01C0300B2F090 /* TrackersCardCell.swift in Sources */ = {isa = PBXBuildFile; fileRef = 24122B6C2CA01C0300B2F090 /* TrackersCardCell.swift */; };
		24122BE12CA01C0300B2F090 /* TrackersViewController + Extension DataSource.swift in Sources */ = {isa = PBXBuildFile; fileRef = 24122B6E2CA01C0300B2F090 /* TrackersViewController + Extension DataSource.swift */; };
		24122BE22CA01C0300B2F090 /* TrackersViewController + Extension Delegate.swift in Sources */ = {isa = PBXBuildFile; fileRef = 24122B6F2CA01C0300B2F090 /* TrackersViewController + Extension Delegate.swift */; };
		24122BE32CA01C0300B2F090 /* TrackersViewController + Extension DelegateFlowLayout.swift in Sources */ = {isa = PBXBuildFile; fileRef = 24122B702CA01C0300B2F090 /* TrackersViewController + Extension DelegateFlowLayout.swift */; };
		24122BE42CA01C0300B2F090 /* TrackersPresenter.swift in Sources */ = {isa = PBXBuildFile; fileRef = 24122B722CA01C0300B2F090 /* TrackersPresenter.swift */; };
		24122BE52CA01C0300B2F090 /* TrackersViewController.swift in Sources */ = {isa = PBXBuildFile; fileRef = 24122B732CA01C0300B2F090 /* TrackersViewController.swift */; };
		24122BE62CA01C0300B2F090 /* CoreDataStack.swift in Sources */ = {isa = PBXBuildFile; fileRef = 24122B752CA01C0300B2F090 /* CoreDataStack.swift */; };
		24122BE72CA01C0300B2F090 /* TrackerCoreData.xcdatamodeld in Sources */ = {isa = PBXBuildFile; fileRef = 24122B762CA01C0300B2F090 /* TrackerCoreData.xcdatamodeld */; };
		24122BE82CA01C0300B2F090 /* TrackerCategoryStore.swift in Sources */ = {isa = PBXBuildFile; fileRef = 24122B782CA01C0300B2F090 /* TrackerCategoryStore.swift */; };
		24122BE92CA01C0300B2F090 /* TrackerRecordStore.swift in Sources */ = {isa = PBXBuildFile; fileRef = 24122B792CA01C0300B2F090 /* TrackerRecordStore.swift */; };
		24122BEA2CA01C0300B2F090 /* TrackerStore.swift in Sources */ = {isa = PBXBuildFile; fileRef = 24122B7A2CA01C0300B2F090 /* TrackerStore.swift */; };
		24122BEB2CA01C0300B2F090 /* DayOfTheWeek.swift in Sources */ = {isa = PBXBuildFile; fileRef = 24122B7C2CA01C0300B2F090 /* DayOfTheWeek.swift */; };
		24122BEC2CA01C0300B2F090 /* Tracker.swift in Sources */ = {isa = PBXBuildFile; fileRef = 24122B7D2CA01C0300B2F090 /* Tracker.swift */; };
		24122BED2CA01C0300B2F090 /* TrackerCategory.swift in Sources */ = {isa = PBXBuildFile; fileRef = 24122B7E2CA01C0300B2F090 /* TrackerCategory.swift */; };
		24122BEE2CA01C0300B2F090 /* TrackerRecord.swift in Sources */ = {isa = PBXBuildFile; fileRef = 24122B7F2CA01C0300B2F090 /* TrackerRecord.swift */; };
		24122BEF2CA01C0300B2F090 /* ColorDataProvider.swift in Sources */ = {isa = PBXBuildFile; fileRef = 24122B812CA01C0300B2F090 /* ColorDataProvider.swift */; };
		24122BF02CA01C0300B2F090 /* ConfigureTableViewCellsHelper.swift in Sources */ = {isa = PBXBuildFile; fileRef = 24122B822CA01C0300B2F090 /* ConfigureTableViewCellsHelper.swift */; };
		24122BF12CA01C0300B2F090 /* ContextMenuHelper.swift in Sources */ = {isa = PBXBuildFile; fileRef = 24122B832CA01C0300B2F090 /* ContextMenuHelper.swift */; };
		24122BF22CA01C0300B2F090 /* EmojiDataProvider.swift in Sources */ = {isa = PBXBuildFile; fileRef = 24122B842CA01C0300B2F090 /* EmojiDataProvider.swift */; };
		24122BF32CA01C0300B2F090 /* HandleActionsHelper.swift in Sources */ = {isa = PBXBuildFile; fileRef = 24122B852CA01C0300B2F090 /* HandleActionsHelper.swift */; };
		24122BF42CA01C0300B2F090 /* TableViewHelper.swift in Sources */ = {isa = PBXBuildFile; fileRef = 24122B862CA01C0300B2F090 /* TableViewHelper.swift */; };
		24122BF52CA01C0300B2F090 /* TrackerDataProvider.swift in Sources */ = {isa = PBXBuildFile; fileRef = 24122B872CA01C0300B2F090 /* TrackerDataProvider.swift */; };
		24122BF62CA01C0300B2F090 /* BaseTrackerViewController.swift in Sources */ = {isa = PBXBuildFile; fileRef = 24122B892CA01C0300B2F090 /* BaseTrackerViewController.swift */; };
		24122BF72CA01C0300B2F090 /* LayoutConfigurator.swift in Sources */ = {isa = PBXBuildFile; fileRef = 24122B8A2CA01C0300B2F090 /* LayoutConfigurator.swift */; };
		24122BF82CA01C0300B2F090 /* LayoutConfiguratorFactory.swift in Sources */ = {isa = PBXBuildFile; fileRef = 24122B8B2CA01C0300B2F090 /* LayoutConfiguratorFactory.swift */; };
		24122BF92CA01C0300B2F090 /* TrackerViewControllerType.swift in Sources */ = {isa = PBXBuildFile; fileRef = 24122B8C2CA01C0300B2F090 /* TrackerViewControllerType.swift */; };
		24122BFA2CA01C0300B2F090 /* TypeTrackersLayoutConfigurator.swift in Sources */ = {isa = PBXBuildFile; fileRef = 24122B8D2CA01C0300B2F090 /* TypeTrackersLayoutConfigurator.swift */; };
		24122BFB2CA01C0300B2F090 /* TypeTrackersViewController.swift in Sources */ = {isa = PBXBuildFile; fileRef = 24122B8E2CA01C0300B2F090 /* TypeTrackersViewController.swift */; };
		24122BFC2CA01C0300B2F090 /* BaseViewController.swift in Sources */ = {isa = PBXBuildFile; fileRef = 24122B912CA01C0300B2F090 /* BaseViewController.swift */; };
		24122BFD2CA01C0300B2F090 /* ViewControllerType.swift in Sources */ = {isa = PBXBuildFile; fileRef = 24122B922CA01C0300B2F090 /* ViewControllerType.swift */; };
		24122BFE2CA01C0300B2F090 /* MainViewController.swift in Sources */ = {isa = PBXBuildFile; fileRef = 24122B942CA01C0300B2F090 /* MainViewController.swift */; };
		24122BFF2CA01C0300B2F090 /* OnboardingHelper.swift in Sources */ = {isa = PBXBuildFile; fileRef = 24122B962CA01C0300B2F090 /* OnboardingHelper.swift */; };
		24122C002CA01C0300B2F090 /* OnboardingPageViewController.swift in Sources */ = {isa = PBXBuildFile; fileRef = 24122B972CA01C0300B2F090 /* OnboardingPageViewController.swift */; };
		24122C012CA01C0300B2F090 /* OnboardingStatus.swift in Sources */ = {isa = PBXBuildFile; fileRef = 24122B982CA01C0300B2F090 /* OnboardingStatus.swift */; };
		24122C022CA01C0300B2F090 /* OnboardingViewController.swift in Sources */ = {isa = PBXBuildFile; fileRef = 24122B992CA01C0300B2F090 /* OnboardingViewController.swift */; };
		24122C032CA01C0300B2F090 /* AppDelegate.swift in Sources */ = {isa = PBXBuildFile; fileRef = 24122B9B2CA01C0300B2F090 /* AppDelegate.swift */; };
		24122C042CA01C0300B2F090 /* SceneDelegate.swift in Sources */ = {isa = PBXBuildFile; fileRef = 24122BBA2CA01C0300B2F090 /* SceneDelegate.swift */; };
		24122C052CA01C0300B2F090 /* Base in Resources */ = {isa = PBXBuildFile; fileRef = 24122B9E2CA01C0300B2F090 /* Base */; };
		24122C082CA01D4400B2F090 /* AnalyticsService.swift in Sources */ = {isa = PBXBuildFile; fileRef = 24122C072CA01D4400B2F090 /* AnalyticsService.swift */; };
		24122C0A2CA01D8200B2F090 /* GlobalConstants.swift in Sources */ = {isa = PBXBuildFile; fileRef = 24122C092CA01D8200B2F090 /* GlobalConstants.swift */; };
		24122C0E2CA020F900B2F090 /* Pods_Tracker.framework in Frameworks */ = {isa = PBXBuildFile; fileRef = AA0B4902CEA03CC2F8101F24 /* Pods_Tracker.framework */; };
		24122C0F2CA020F900B2F090 /* Pods_Tracker.framework in Embed Frameworks */ = {isa = PBXBuildFile; fileRef = AA0B4902CEA03CC2F8101F24 /* Pods_Tracker.framework */; settings = {ATTRIBUTES = (CodeSignOnCopy, RemoveHeadersOnCopy, ); }; };
		249E17C22C9EEB7200B52DE1 /* InlineSnapshotTesting in Frameworks */ = {isa = PBXBuildFile; productRef = 249E17C12C9EEB7200B52DE1 /* InlineSnapshotTesting */; };
		249E17C42C9EEB7200B52DE1 /* SnapshotTesting in Frameworks */ = {isa = PBXBuildFile; productRef = 249E17C32C9EEB7200B52DE1 /* SnapshotTesting */; };
/* End PBXBuildFile section */

/* Begin PBXContainerItemProxy section */
		249E17BB2C9EEB3100B52DE1 /* PBXContainerItemProxy */ = {
			isa = PBXContainerItemProxy;
			containerPortal = 243024D02C525B3500B0F1D3 /* Project object */;
			proxyType = 1;
			remoteGlobalIDString = 243024D72C525B3500B0F1D3;
			remoteInfo = Tracker;
		};
/* End PBXContainerItemProxy section */

/* Begin PBXCopyFilesBuildPhase section */
		24122C102CA020F900B2F090 /* Embed Frameworks */ = {
			isa = PBXCopyFilesBuildPhase;
			buildActionMask = 2147483647;
			dstPath = "";
			dstSubfolderSpec = 10;
			files = (
				24122C0F2CA020F900B2F090 /* Pods_Tracker.framework in Embed Frameworks */,
			);
			name = "Embed Frameworks";
			runOnlyForDeploymentPostprocessing = 0;
		};
/* End PBXCopyFilesBuildPhase section */

/* Begin PBXFileReference section */
		0C093144A15C26500E39F518 /* Pods-TrackerTests.debug.xcconfig */ = {isa = PBXFileReference; includeInIndex = 1; lastKnownFileType = text.xcconfig; name = "Pods-TrackerTests.debug.xcconfig"; path = "Target Support Files/Pods-TrackerTests/Pods-TrackerTests.debug.xcconfig"; sourceTree = "<group>"; };
		24122B472CA01C0300B2F090 /* GeometricParams.swift */ = {isa = PBXFileReference; lastKnownFileType = sourcecode.swift; path = GeometricParams.swift; sourceTree = "<group>"; };
		24122B482CA01C0300B2F090 /* GlobalFunc.swift */ = {isa = PBXFileReference; lastKnownFileType = sourcecode.swift; path = GlobalFunc.swift; sourceTree = "<group>"; };
		24122B492CA01C0300B2F090 /* Logger.swift */ = {isa = PBXFileReference; lastKnownFileType = sourcecode.swift; path = Logger.swift; sourceTree = "<group>"; };
		24122B4A2CA01C0300B2F090 /* Notification + Extension.swift */ = {isa = PBXFileReference; lastKnownFileType = sourcecode.swift; path = "Notification + Extension.swift"; sourceTree = "<group>"; };
		24122B4B2CA01C0300B2F090 /* Placeholder.swift */ = {isa = PBXFileReference; lastKnownFileType = sourcecode.swift; path = Placeholder.swift; sourceTree = "<group>"; };
		24122B4C2CA01C0300B2F090 /* UIButton + Extensions.swift */ = {isa = PBXFileReference; lastKnownFileType = sourcecode.swift; path = "UIButton + Extensions.swift"; sourceTree = "<group>"; };
		24122B4D2CA01C0300B2F090 /* UIColor + Extensions.swift */ = {isa = PBXFileReference; lastKnownFileType = sourcecode.swift; path = "UIColor + Extensions.swift"; sourceTree = "<group>"; };
		24122B4E2CA01C0300B2F090 /* UIView + Extension.swift */ = {isa = PBXFileReference; lastKnownFileType = sourcecode.swift; path = "UIView + Extension.swift"; sourceTree = "<group>"; };
		24122B502CA01C0300B2F090 /* StatisticsData.swift */ = {isa = PBXFileReference; lastKnownFileType = sourcecode.swift; path = StatisticsData.swift; sourceTree = "<group>"; };
		24122B522CA01C0300B2F090 /* StatisticCell.swift */ = {isa = PBXFileReference; lastKnownFileType = sourcecode.swift; path = StatisticCell.swift; sourceTree = "<group>"; };
		24122B532CA01C0300B2F090 /* StatisticsViewController.swift */ = {isa = PBXFileReference; lastKnownFileType = sourcecode.swift; path = StatisticsViewController.swift; sourceTree = "<group>"; };
		24122B542CA01C0300B2F090 /* StatisticsViewModel.swift */ = {isa = PBXFileReference; lastKnownFileType = sourcecode.swift; path = StatisticsViewModel.swift; sourceTree = "<group>"; };
		24122B562CA01C0300B2F090 /* CategoryCell.swift */ = {isa = PBXFileReference; lastKnownFileType = sourcecode.swift; path = CategoryCell.swift; sourceTree = "<group>"; };
		24122B572CA01C0300B2F090 /* CategoryViewController.swift */ = {isa = PBXFileReference; lastKnownFileType = sourcecode.swift; path = CategoryViewController.swift; sourceTree = "<group>"; };
		24122B582CA01C0300B2F090 /* CategoryViewModel.swift */ = {isa = PBXFileReference; lastKnownFileType = sourcecode.swift; path = CategoryViewModel.swift; sourceTree = "<group>"; };
		24122B5A2CA01C0300B2F090 /* CategoryBaseCell.swift */ = {isa = PBXFileReference; lastKnownFileType = sourcecode.swift; path = CategoryBaseCell.swift; sourceTree = "<group>"; };
		24122B5B2CA01C0300B2F090 /* CreateButtonsViewCell.swift */ = {isa = PBXFileReference; lastKnownFileType = sourcecode.swift; path = CreateButtonsViewCell.swift; sourceTree = "<group>"; };
		24122B5C2CA01C0300B2F090 /* EmojiesAndColorsCollectionViewCell.swift */ = {isa = PBXFileReference; lastKnownFileType = sourcecode.swift; path = EmojiesAndColorsCollectionViewCell.swift; sourceTree = "<group>"; };
		24122B5D2CA01C0300B2F090 /* EmojiesAndColorsTableViewCell.swift */ = {isa = PBXFileReference; lastKnownFileType = sourcecode.swift; path = EmojiesAndColorsTableViewCell.swift; sourceTree = "<group>"; };
		24122B5E2CA01C0300B2F090 /* TextViewCell.swift */ = {isa = PBXFileReference; lastKnownFileType = sourcecode.swift; path = TextViewCell.swift; sourceTree = "<group>"; };
		24122B602CA01C0300B2F090 /* CreatingTrackerViewController.swift */ = {isa = PBXFileReference; lastKnownFileType = sourcecode.swift; path = CreatingTrackerViewController.swift; sourceTree = "<group>"; };
		24122B612CA01C0300B2F090 /* TrackerSection.swift */ = {isa = PBXFileReference; lastKnownFileType = sourcecode.swift; path = TrackerSection.swift; sourceTree = "<group>"; };
		24122B632CA01C0300B2F090 /* FilterViewController.swift */ = {isa = PBXFileReference; lastKnownFileType = sourcecode.swift; path = FilterViewController.swift; sourceTree = "<group>"; };
		24122B642CA01C0300B2F090 /* TrackersFilterManager.swift */ = {isa = PBXFileReference; lastKnownFileType = sourcecode.swift; path = TrackersFilterManager.swift; sourceTree = "<group>"; };
		24122B662CA01C0300B2F090 /* ScheduleCell.swift */ = {isa = PBXFileReference; lastKnownFileType = sourcecode.swift; path = ScheduleCell.swift; sourceTree = "<group>"; };
		24122B672CA01C0300B2F090 /* ScheduleViewController.swift */ = {isa = PBXFileReference; lastKnownFileType = sourcecode.swift; path = ScheduleViewController.swift; sourceTree = "<group>"; };
		24122B692CA01C0300B2F090 /* TrackersContextMenuHelper.swift */ = {isa = PBXFileReference; lastKnownFileType = sourcecode.swift; path = TrackersContextMenuHelper.swift; sourceTree = "<group>"; };
		24122B6B2CA01C0300B2F090 /* SectionHeaderView.swift */ = {isa = PBXFileReference; lastKnownFileType = sourcecode.swift; path = SectionHeaderView.swift; sourceTree = "<group>"; };
		24122B6C2CA01C0300B2F090 /* TrackersCardCell.swift */ = {isa = PBXFileReference; lastKnownFileType = sourcecode.swift; path = TrackersCardCell.swift; sourceTree = "<group>"; };
		24122B6E2CA01C0300B2F090 /* TrackersViewController + Extension DataSource.swift */ = {isa = PBXFileReference; lastKnownFileType = sourcecode.swift; path = "TrackersViewController + Extension DataSource.swift"; sourceTree = "<group>"; };
		24122B6F2CA01C0300B2F090 /* TrackersViewController + Extension Delegate.swift */ = {isa = PBXFileReference; lastKnownFileType = sourcecode.swift; path = "TrackersViewController + Extension Delegate.swift"; sourceTree = "<group>"; };
		24122B702CA01C0300B2F090 /* TrackersViewController + Extension DelegateFlowLayout.swift */ = {isa = PBXFileReference; lastKnownFileType = sourcecode.swift; path = "TrackersViewController + Extension DelegateFlowLayout.swift"; sourceTree = "<group>"; };
		24122B722CA01C0300B2F090 /* TrackersPresenter.swift */ = {isa = PBXFileReference; lastKnownFileType = sourcecode.swift; path = TrackersPresenter.swift; sourceTree = "<group>"; };
		24122B732CA01C0300B2F090 /* TrackersViewController.swift */ = {isa = PBXFileReference; lastKnownFileType = sourcecode.swift; path = TrackersViewController.swift; sourceTree = "<group>"; };
		24122B752CA01C0300B2F090 /* CoreDataStack.swift */ = {isa = PBXFileReference; lastKnownFileType = sourcecode.swift; path = CoreDataStack.swift; sourceTree = "<group>"; };
		24122B782CA01C0300B2F090 /* TrackerCategoryStore.swift */ = {isa = PBXFileReference; lastKnownFileType = sourcecode.swift; path = TrackerCategoryStore.swift; sourceTree = "<group>"; };
		24122B792CA01C0300B2F090 /* TrackerRecordStore.swift */ = {isa = PBXFileReference; lastKnownFileType = sourcecode.swift; path = TrackerRecordStore.swift; sourceTree = "<group>"; };
		24122B7A2CA01C0300B2F090 /* TrackerStore.swift */ = {isa = PBXFileReference; lastKnownFileType = sourcecode.swift; path = TrackerStore.swift; sourceTree = "<group>"; };
		24122B7C2CA01C0300B2F090 /* DayOfTheWeek.swift */ = {isa = PBXFileReference; lastKnownFileType = sourcecode.swift; path = DayOfTheWeek.swift; sourceTree = "<group>"; };
		24122B7D2CA01C0300B2F090 /* Tracker.swift */ = {isa = PBXFileReference; lastKnownFileType = sourcecode.swift; path = Tracker.swift; sourceTree = "<group>"; };
		24122B7E2CA01C0300B2F090 /* TrackerCategory.swift */ = {isa = PBXFileReference; lastKnownFileType = sourcecode.swift; path = TrackerCategory.swift; sourceTree = "<group>"; };
		24122B7F2CA01C0300B2F090 /* TrackerRecord.swift */ = {isa = PBXFileReference; lastKnownFileType = sourcecode.swift; path = TrackerRecord.swift; sourceTree = "<group>"; };
		24122B812CA01C0300B2F090 /* ColorDataProvider.swift */ = {isa = PBXFileReference; lastKnownFileType = sourcecode.swift; path = ColorDataProvider.swift; sourceTree = "<group>"; };
		24122B822CA01C0300B2F090 /* ConfigureTableViewCellsHelper.swift */ = {isa = PBXFileReference; lastKnownFileType = sourcecode.swift; path = ConfigureTableViewCellsHelper.swift; sourceTree = "<group>"; };
		24122B832CA01C0300B2F090 /* ContextMenuHelper.swift */ = {isa = PBXFileReference; lastKnownFileType = sourcecode.swift; path = ContextMenuHelper.swift; sourceTree = "<group>"; };
		24122B842CA01C0300B2F090 /* EmojiDataProvider.swift */ = {isa = PBXFileReference; lastKnownFileType = sourcecode.swift; path = EmojiDataProvider.swift; sourceTree = "<group>"; };
		24122B852CA01C0300B2F090 /* HandleActionsHelper.swift */ = {isa = PBXFileReference; lastKnownFileType = sourcecode.swift; path = HandleActionsHelper.swift; sourceTree = "<group>"; };
		24122B862CA01C0300B2F090 /* TableViewHelper.swift */ = {isa = PBXFileReference; lastKnownFileType = sourcecode.swift; path = TableViewHelper.swift; sourceTree = "<group>"; };
		24122B872CA01C0300B2F090 /* TrackerDataProvider.swift */ = {isa = PBXFileReference; lastKnownFileType = sourcecode.swift; path = TrackerDataProvider.swift; sourceTree = "<group>"; };
		24122B892CA01C0300B2F090 /* BaseTrackerViewController.swift */ = {isa = PBXFileReference; lastKnownFileType = sourcecode.swift; path = BaseTrackerViewController.swift; sourceTree = "<group>"; };
		24122B8A2CA01C0300B2F090 /* LayoutConfigurator.swift */ = {isa = PBXFileReference; lastKnownFileType = sourcecode.swift; path = LayoutConfigurator.swift; sourceTree = "<group>"; };
		24122B8B2CA01C0300B2F090 /* LayoutConfiguratorFactory.swift */ = {isa = PBXFileReference; lastKnownFileType = sourcecode.swift; path = LayoutConfiguratorFactory.swift; sourceTree = "<group>"; };
		24122B8C2CA01C0300B2F090 /* TrackerViewControllerType.swift */ = {isa = PBXFileReference; lastKnownFileType = sourcecode.swift; path = TrackerViewControllerType.swift; sourceTree = "<group>"; };
		24122B8D2CA01C0300B2F090 /* TypeTrackersLayoutConfigurator.swift */ = {isa = PBXFileReference; lastKnownFileType = sourcecode.swift; path = TypeTrackersLayoutConfigurator.swift; sourceTree = "<group>"; };
		24122B8E2CA01C0300B2F090 /* TypeTrackersViewController.swift */ = {isa = PBXFileReference; lastKnownFileType = sourcecode.swift; path = TypeTrackersViewController.swift; sourceTree = "<group>"; };
		24122B912CA01C0300B2F090 /* BaseViewController.swift */ = {isa = PBXFileReference; lastKnownFileType = sourcecode.swift; path = BaseViewController.swift; sourceTree = "<group>"; };
		24122B922CA01C0300B2F090 /* ViewControllerType.swift */ = {isa = PBXFileReference; lastKnownFileType = sourcecode.swift; path = ViewControllerType.swift; sourceTree = "<group>"; };
		24122B942CA01C0300B2F090 /* MainViewController.swift */ = {isa = PBXFileReference; lastKnownFileType = sourcecode.swift; path = MainViewController.swift; sourceTree = "<group>"; };
		24122B962CA01C0300B2F090 /* OnboardingHelper.swift */ = {isa = PBXFileReference; lastKnownFileType = sourcecode.swift; path = OnboardingHelper.swift; sourceTree = "<group>"; };
		24122B972CA01C0300B2F090 /* OnboardingPageViewController.swift */ = {isa = PBXFileReference; lastKnownFileType = sourcecode.swift; path = OnboardingPageViewController.swift; sourceTree = "<group>"; };
		24122B982CA01C0300B2F090 /* OnboardingStatus.swift */ = {isa = PBXFileReference; lastKnownFileType = sourcecode.swift; path = OnboardingStatus.swift; sourceTree = "<group>"; };
		24122B992CA01C0300B2F090 /* OnboardingViewController.swift */ = {isa = PBXFileReference; lastKnownFileType = sourcecode.swift; path = OnboardingViewController.swift; sourceTree = "<group>"; };
		24122B9B2CA01C0300B2F090 /* AppDelegate.swift */ = {isa = PBXFileReference; lastKnownFileType = sourcecode.swift; path = AppDelegate.swift; sourceTree = "<group>"; };
		24122B9C2CA01C0300B2F090 /* Assets.xcassets */ = {isa = PBXFileReference; lastKnownFileType = folder.assetcatalog; path = Assets.xcassets; sourceTree = "<group>"; };
		24122B9D2CA01C0300B2F090 /* Info.plist */ = {isa = PBXFileReference; lastKnownFileType = text.plist.xml; path = Info.plist; sourceTree = "<group>"; };
		24122B9E2CA01C0300B2F090 /* Base */ = {isa = PBXFileReference; lastKnownFileType = file.storyboard; name = Base; path = Base.lproj/LaunchScreen.storyboard; sourceTree = "<group>"; };
		24122BA02CA01C0300B2F090 /* de */ = {isa = PBXFileReference; lastKnownFileType = text.plist.strings; name = de; path = de.lproj/LaunchScreen.strings; sourceTree = "<group>"; };
		24122BA12CA01C0300B2F090 /* en */ = {isa = PBXFileReference; lastKnownFileType = text.plist.strings; name = en; path = en.lproj/LaunchScreen.strings; sourceTree = "<group>"; };
		24122BA22CA01C0300B2F090 /* es */ = {isa = PBXFileReference; lastKnownFileType = text.plist.strings; name = es; path = es.lproj/LaunchScreen.strings; sourceTree = "<group>"; };
		24122BA32CA01C0300B2F090 /* fr */ = {isa = PBXFileReference; lastKnownFileType = text.plist.strings; name = fr; path = fr.lproj/LaunchScreen.strings; sourceTree = "<group>"; };
		24122BA42CA01C0300B2F090 /* it */ = {isa = PBXFileReference; lastKnownFileType = text.plist.strings; name = it; path = it.lproj/LaunchScreen.strings; sourceTree = "<group>"; };
		24122BA52CA01C0300B2F090 /* ja */ = {isa = PBXFileReference; lastKnownFileType = text.plist.strings; name = ja; path = ja.lproj/LaunchScreen.strings; sourceTree = "<group>"; };
		24122BA62CA01C0300B2F090 /* zh-Hans */ = {isa = PBXFileReference; lastKnownFileType = text.plist.strings; name = "zh-Hans"; path = "zh-Hans.lproj/LaunchScreen.strings"; sourceTree = "<group>"; };
		24122BA82CA01C0300B2F090 /* de */ = {isa = PBXFileReference; lastKnownFileType = text.plist.strings; name = de; path = de.lproj/Localizable.strings; sourceTree = "<group>"; };
		24122BA92CA01C0300B2F090 /* en */ = {isa = PBXFileReference; lastKnownFileType = text.plist.strings; name = en; path = en.lproj/Localizable.strings; sourceTree = "<group>"; };
		24122BAA2CA01C0300B2F090 /* es */ = {isa = PBXFileReference; lastKnownFileType = text.plist.strings; name = es; path = es.lproj/Localizable.strings; sourceTree = "<group>"; };
		24122BAB2CA01C0300B2F090 /* fr */ = {isa = PBXFileReference; lastKnownFileType = text.plist.strings; name = fr; path = fr.lproj/Localizable.strings; sourceTree = "<group>"; };
		24122BAC2CA01C0300B2F090 /* it */ = {isa = PBXFileReference; lastKnownFileType = text.plist.strings; name = it; path = it.lproj/Localizable.strings; sourceTree = "<group>"; };
		24122BAD2CA01C0300B2F090 /* ja */ = {isa = PBXFileReference; lastKnownFileType = text.plist.strings; name = ja; path = ja.lproj/Localizable.strings; sourceTree = "<group>"; };
		24122BAE2CA01C0300B2F090 /* ru */ = {isa = PBXFileReference; lastKnownFileType = text.plist.strings; name = ru; path = ru.lproj/Localizable.strings; sourceTree = "<group>"; };
		24122BAF2CA01C0300B2F090 /* zh-Hans */ = {isa = PBXFileReference; lastKnownFileType = text.plist.strings; name = "zh-Hans"; path = "zh-Hans.lproj/Localizable.strings"; sourceTree = "<group>"; };
		24122BB12CA01C0300B2F090 /* de */ = {isa = PBXFileReference; lastKnownFileType = text.plist.stringsdict; name = de; path = de.lproj/Localizable.stringsdict; sourceTree = "<group>"; };
		24122BB22CA01C0300B2F090 /* en */ = {isa = PBXFileReference; lastKnownFileType = text.plist.stringsdict; name = en; path = en.lproj/Localizable.stringsdict; sourceTree = "<group>"; };
		24122BB32CA01C0300B2F090 /* es */ = {isa = PBXFileReference; lastKnownFileType = text.plist.stringsdict; name = es; path = es.lproj/Localizable.stringsdict; sourceTree = "<group>"; };
		24122BB42CA01C0300B2F090 /* fr */ = {isa = PBXFileReference; lastKnownFileType = text.plist.stringsdict; name = fr; path = fr.lproj/Localizable.stringsdict; sourceTree = "<group>"; };
		24122BB52CA01C0300B2F090 /* it */ = {isa = PBXFileReference; lastKnownFileType = text.plist.stringsdict; name = it; path = it.lproj/Localizable.stringsdict; sourceTree = "<group>"; };
		24122BB62CA01C0300B2F090 /* ja */ = {isa = PBXFileReference; lastKnownFileType = text.plist.stringsdict; name = ja; path = ja.lproj/Localizable.stringsdict; sourceTree = "<group>"; };
		24122BB72CA01C0300B2F090 /* ru */ = {isa = PBXFileReference; lastKnownFileType = text.plist.stringsdict; name = ru; path = ru.lproj/Localizable.stringsdict; sourceTree = "<group>"; };
		24122BB82CA01C0300B2F090 /* zh-Hans */ = {isa = PBXFileReference; lastKnownFileType = text.plist.stringsdict; name = "zh-Hans"; path = "zh-Hans.lproj/Localizable.stringsdict"; sourceTree = "<group>"; };
		24122BBA2CA01C0300B2F090 /* SceneDelegate.swift */ = {isa = PBXFileReference; lastKnownFileType = sourcecode.swift; path = SceneDelegate.swift; sourceTree = "<group>"; };
		24122BBD2CA01C0300B2F090 /* TrackerCoreData.xcdatamodel */ = {isa = PBXFileReference; lastKnownFileType = wrapper.xcdatamodel; path = TrackerCoreData.xcdatamodel; sourceTree = "<group>"; };
		24122C072CA01D4400B2F090 /* AnalyticsService.swift */ = {isa = PBXFileReference; lastKnownFileType = sourcecode.swift; path = AnalyticsService.swift; sourceTree = "<group>"; };
		24122C092CA01D8200B2F090 /* GlobalConstants.swift */ = {isa = PBXFileReference; lastKnownFileType = sourcecode.swift; path = GlobalConstants.swift; sourceTree = "<group>"; };
		243024D82C525B3500B0F1D3 /* Tracker.app */ = {isa = PBXFileReference; explicitFileType = wrapper.application; includeInIndex = 0; path = Tracker.app; sourceTree = BUILT_PRODUCTS_DIR; };
		24937A5B2C88A06F00EDBAB7 /* README.md */ = {isa = PBXFileReference; lastKnownFileType = net.daringfireball.markdown; path = README.md; sourceTree = "<group>"; };
		249E17B72C9EEB3100B52DE1 /* TrackerTests.xctest */ = {isa = PBXFileReference; explicitFileType = wrapper.cfbundle; includeInIndex = 0; path = TrackerTests.xctest; sourceTree = BUILT_PRODUCTS_DIR; };
		5A9F3483E292D9E3F2264609 /* Pods-TrackerTests.release.xcconfig */ = {isa = PBXFileReference; includeInIndex = 1; lastKnownFileType = text.xcconfig; name = "Pods-TrackerTests.release.xcconfig"; path = "Target Support Files/Pods-TrackerTests/Pods-TrackerTests.release.xcconfig"; sourceTree = "<group>"; };
		7F667EDF588089BF6C97FD39 /* Pods-Tracker.release.xcconfig */ = {isa = PBXFileReference; includeInIndex = 1; lastKnownFileType = text.xcconfig; name = "Pods-Tracker.release.xcconfig"; path = "Target Support Files/Pods-Tracker/Pods-Tracker.release.xcconfig"; sourceTree = "<group>"; };
		A52F91934BD9CA2D7DE14072 /* Pods-Tracker.debug.xcconfig */ = {isa = PBXFileReference; includeInIndex = 1; lastKnownFileType = text.xcconfig; name = "Pods-Tracker.debug.xcconfig"; path = "Target Support Files/Pods-Tracker/Pods-Tracker.debug.xcconfig"; sourceTree = "<group>"; };
		AA0B4902CEA03CC2F8101F24 /* Pods_Tracker.framework */ = {isa = PBXFileReference; explicitFileType = wrapper.framework; includeInIndex = 0; path = Pods_Tracker.framework; sourceTree = BUILT_PRODUCTS_DIR; };
/* End PBXFileReference section */

/* Begin PBXFrameworksBuildPhase section */
		243024D52C525B3500B0F1D3 /* Frameworks */ = {
			isa = PBXFrameworksBuildPhase;
			buildActionMask = 2147483647;
			files = (
				24122C0E2CA020F900B2F090 /* Pods_Tracker.framework in Frameworks */,
			);
			runOnlyForDeploymentPostprocessing = 0;
		};
		249E17B42C9EEB3100B52DE1 /* Frameworks */ = {
			isa = PBXFrameworksBuildPhase;
			buildActionMask = 2147483647;
			files = (
				249E17C22C9EEB7200B52DE1 /* InlineSnapshotTesting in Frameworks */,
				249E17C42C9EEB7200B52DE1 /* SnapshotTesting in Frameworks */,
			);
			runOnlyForDeploymentPostprocessing = 0;
		};
/* End PBXFrameworksBuildPhase section */

/* Begin PBXGroup section */
		24122B4F2CA01C0300B2F090 /* Global Extensions + Struct */ = {
			isa = PBXGroup;
			children = (
				24122B472CA01C0300B2F090 /* GeometricParams.swift */,
				24122B482CA01C0300B2F090 /* GlobalFunc.swift */,
				24122B492CA01C0300B2F090 /* Logger.swift */,
				24122B4A2CA01C0300B2F090 /* Notification + Extension.swift */,
				24122B4B2CA01C0300B2F090 /* Placeholder.swift */,
				24122B4C2CA01C0300B2F090 /* UIButton + Extensions.swift */,
				24122B4D2CA01C0300B2F090 /* UIColor + Extensions.swift */,
				24122B4E2CA01C0300B2F090 /* UIView + Extension.swift */,
				24122C092CA01D8200B2F090 /* GlobalConstants.swift */,
			);
			path = "Global Extensions + Struct";
			sourceTree = "<group>";
		};
		24122B512CA01C0300B2F090 /* Statistics Models */ = {
			isa = PBXGroup;
			children = (
				24122B502CA01C0300B2F090 /* StatisticsData.swift */,
			);
			path = "Statistics Models";
			sourceTree = "<group>";
		};
		24122B552CA01C0300B2F090 /* StatisticsVC */ = {
			isa = PBXGroup;
			children = (
				24122B512CA01C0300B2F090 /* Statistics Models */,
				24122B522CA01C0300B2F090 /* StatisticCell.swift */,
				24122B532CA01C0300B2F090 /* StatisticsViewController.swift */,
				24122B542CA01C0300B2F090 /* StatisticsViewModel.swift */,
			);
			path = StatisticsVC;
			sourceTree = "<group>";
		};
		24122B592CA01C0300B2F090 /* CategoryVC */ = {
			isa = PBXGroup;
			children = (
				24122B562CA01C0300B2F090 /* CategoryCell.swift */,
				24122B572CA01C0300B2F090 /* CategoryViewController.swift */,
				24122B582CA01C0300B2F090 /* CategoryViewModel.swift */,
			);
			path = CategoryVC;
			sourceTree = "<group>";
		};
		24122B5F2CA01C0300B2F090 /* CreatingTrackersVC Cells */ = {
			isa = PBXGroup;
			children = (
				24122B5A2CA01C0300B2F090 /* CategoryBaseCell.swift */,
				24122B5B2CA01C0300B2F090 /* CreateButtonsViewCell.swift */,
				24122B5C2CA01C0300B2F090 /* EmojiesAndColorsCollectionViewCell.swift */,
				24122B5D2CA01C0300B2F090 /* EmojiesAndColorsTableViewCell.swift */,
				24122B5E2CA01C0300B2F090 /* TextViewCell.swift */,
			);
			path = "CreatingTrackersVC Cells";
			sourceTree = "<group>";
		};
		24122B622CA01C0300B2F090 /* CreatingTrackersVC */ = {
			isa = PBXGroup;
			children = (
				24122B5F2CA01C0300B2F090 /* CreatingTrackersVC Cells */,
				24122B602CA01C0300B2F090 /* CreatingTrackerViewController.swift */,
				24122B612CA01C0300B2F090 /* TrackerSection.swift */,
			);
			path = CreatingTrackersVC;
			sourceTree = "<group>";
		};
		24122B652CA01C0300B2F090 /* Filters */ = {
			isa = PBXGroup;
			children = (
				24122B632CA01C0300B2F090 /* FilterViewController.swift */,
				24122B642CA01C0300B2F090 /* TrackersFilterManager.swift */,
			);
			path = Filters;
			sourceTree = "<group>";
		};
		24122B682CA01C0300B2F090 /* ScheduleVC */ = {
			isa = PBXGroup;
			children = (
				24122B662CA01C0300B2F090 /* ScheduleCell.swift */,
				24122B672CA01C0300B2F090 /* ScheduleViewController.swift */,
			);
			path = ScheduleVC;
			sourceTree = "<group>";
		};
		24122B6A2CA01C0300B2F090 /* Helpers */ = {
			isa = PBXGroup;
			children = (
				24122B692CA01C0300B2F090 /* TrackersContextMenuHelper.swift */,
			);
			path = Helpers;
			sourceTree = "<group>";
		};
		24122B6D2CA01C0300B2F090 /* TrackersVC Cells */ = {
			isa = PBXGroup;
			children = (
				24122B6B2CA01C0300B2F090 /* SectionHeaderView.swift */,
				24122B6C2CA01C0300B2F090 /* TrackersCardCell.swift */,
			);
			path = "TrackersVC Cells";
			sourceTree = "<group>";
		};
		24122B712CA01C0300B2F090 /* TrackersVC Extensions */ = {
			isa = PBXGroup;
			children = (
				24122B6E2CA01C0300B2F090 /* TrackersViewController + Extension DataSource.swift */,
				24122B6F2CA01C0300B2F090 /* TrackersViewController + Extension Delegate.swift */,
				24122B702CA01C0300B2F090 /* TrackersViewController + Extension DelegateFlowLayout.swift */,
			);
			path = "TrackersVC Extensions";
			sourceTree = "<group>";
		};
		24122B742CA01C0300B2F090 /* Trackers */ = {
			isa = PBXGroup;
			children = (
				24122B6A2CA01C0300B2F090 /* Helpers */,
				24122B6D2CA01C0300B2F090 /* TrackersVC Cells */,
				24122B712CA01C0300B2F090 /* TrackersVC Extensions */,
				24122B722CA01C0300B2F090 /* TrackersPresenter.swift */,
				24122B732CA01C0300B2F090 /* TrackersViewController.swift */,
			);
			path = Trackers;
			sourceTree = "<group>";
		};
		24122B772CA01C0300B2F090 /* CoreData */ = {
			isa = PBXGroup;
			children = (
				24122B752CA01C0300B2F090 /* CoreDataStack.swift */,
				24122B762CA01C0300B2F090 /* TrackerCoreData.xcdatamodeld */,
			);
			path = CoreData;
			sourceTree = "<group>";
		};
		24122B7B2CA01C0300B2F090 /* Store */ = {
			isa = PBXGroup;
			children = (
				24122B782CA01C0300B2F090 /* TrackerCategoryStore.swift */,
				24122B792CA01C0300B2F090 /* TrackerRecordStore.swift */,
				24122B7A2CA01C0300B2F090 /* TrackerStore.swift */,
			);
			path = Store;
			sourceTree = "<group>";
		};
		24122B802CA01C0300B2F090 /* Trackers Models */ = {
			isa = PBXGroup;
			children = (
				24122B772CA01C0300B2F090 /* CoreData */,
				24122B7B2CA01C0300B2F090 /* Store */,
				24122B7C2CA01C0300B2F090 /* DayOfTheWeek.swift */,
				24122B7D2CA01C0300B2F090 /* Tracker.swift */,
				24122B7E2CA01C0300B2F090 /* TrackerCategory.swift */,
				24122B7F2CA01C0300B2F090 /* TrackerRecord.swift */,
			);
			path = "Trackers Models";
			sourceTree = "<group>";
		};
		24122B882CA01C0300B2F090 /* Helpers */ = {
			isa = PBXGroup;
			children = (
				24122B812CA01C0300B2F090 /* ColorDataProvider.swift */,
				24122B822CA01C0300B2F090 /* ConfigureTableViewCellsHelper.swift */,
				24122B832CA01C0300B2F090 /* ContextMenuHelper.swift */,
				24122B842CA01C0300B2F090 /* EmojiDataProvider.swift */,
				24122B852CA01C0300B2F090 /* HandleActionsHelper.swift */,
				24122B862CA01C0300B2F090 /* TableViewHelper.swift */,
				24122B872CA01C0300B2F090 /* TrackerDataProvider.swift */,
			);
			path = Helpers;
			sourceTree = "<group>";
		};
		24122B8F2CA01C0300B2F090 /* TypeTrackersVC */ = {
			isa = PBXGroup;
			children = (
				24122B882CA01C0300B2F090 /* Helpers */,
				24122B892CA01C0300B2F090 /* BaseTrackerViewController.swift */,
				24122B8A2CA01C0300B2F090 /* LayoutConfigurator.swift */,
				24122B8B2CA01C0300B2F090 /* LayoutConfiguratorFactory.swift */,
				24122B8C2CA01C0300B2F090 /* TrackerViewControllerType.swift */,
				24122B8D2CA01C0300B2F090 /* TypeTrackersLayoutConfigurator.swift */,
				24122B8E2CA01C0300B2F090 /* TypeTrackersViewController.swift */,
			);
			path = TypeTrackersVC;
			sourceTree = "<group>";
		};
		24122B902CA01C0300B2F090 /* TrackersVC */ = {
			isa = PBXGroup;
			children = (
				24122B592CA01C0300B2F090 /* CategoryVC */,
				24122B622CA01C0300B2F090 /* CreatingTrackersVC */,
				24122B652CA01C0300B2F090 /* Filters */,
				24122B682CA01C0300B2F090 /* ScheduleVC */,
				24122B742CA01C0300B2F090 /* Trackers */,
				24122B802CA01C0300B2F090 /* Trackers Models */,
				24122B8F2CA01C0300B2F090 /* TypeTrackersVC */,
			);
			path = TrackersVC;
			sourceTree = "<group>";
		};
		24122B932CA01C0300B2F090 /* BaseVC */ = {
			isa = PBXGroup;
			children = (
				24122B552CA01C0300B2F090 /* StatisticsVC */,
				24122B902CA01C0300B2F090 /* TrackersVC */,
				24122B912CA01C0300B2F090 /* BaseViewController.swift */,
				24122B922CA01C0300B2F090 /* ViewControllerType.swift */,
			);
			path = BaseVC;
			sourceTree = "<group>";
		};
		24122B952CA01C0300B2F090 /* MainVC */ = {
			isa = PBXGroup;
			children = (
				24122B932CA01C0300B2F090 /* BaseVC */,
				24122B942CA01C0300B2F090 /* MainViewController.swift */,
			);
			path = MainVC;
			sourceTree = "<group>";
		};
		24122B9A2CA01C0300B2F090 /* OnboardingVC */ = {
			isa = PBXGroup;
			children = (
				24122B962CA01C0300B2F090 /* OnboardingHelper.swift */,
				24122B972CA01C0300B2F090 /* OnboardingPageViewController.swift */,
				24122B982CA01C0300B2F090 /* OnboardingStatus.swift */,
				24122B992CA01C0300B2F090 /* OnboardingViewController.swift */,
			);
			path = OnboardingVC;
			sourceTree = "<group>";
		};
		24122BBB2CA01C0300B2F090 /* Resources */ = {
			isa = PBXGroup;
			children = (
				24122B9B2CA01C0300B2F090 /* AppDelegate.swift */,
				24122B9C2CA01C0300B2F090 /* Assets.xcassets */,
				24122B9D2CA01C0300B2F090 /* Info.plist */,
				24122B9F2CA01C0300B2F090 /* LaunchScreen.storyboard */,
				24122BA72CA01C0300B2F090 /* LaunchScreen.strings */,
				24122BB02CA01C0300B2F090 /* Localizable.strings */,
				24122BB92CA01C0300B2F090 /* Localizable.stringsdict */,
				24122BBA2CA01C0300B2F090 /* SceneDelegate.swift */,
			);
			path = Resources;
			sourceTree = "<group>";
		};
		24122BBC2CA01C0300B2F090 /* Tracker */ = {
			isa = PBXGroup;
			children = (
				24122C062CA01D2B00B2F090 /* Analytics */,
				24122B4F2CA01C0300B2F090 /* Global Extensions + Struct */,
				24122B952CA01C0300B2F090 /* MainVC */,
				24122B9A2CA01C0300B2F090 /* OnboardingVC */,
				24122BBB2CA01C0300B2F090 /* Resources */,
			);
			path = Tracker;
			sourceTree = "<group>";
		};
		24122C062CA01D2B00B2F090 /* Analytics */ = {
			isa = PBXGroup;
			children = (
				24122C072CA01D4400B2F090 /* AnalyticsService.swift */,
			);
			path = Analytics;
			sourceTree = "<group>";
		};
		243024CF2C525B3500B0F1D3 = {
			isa = PBXGroup;
			children = (
				24122BBC2CA01C0300B2F090 /* Tracker */,
				249E17B82C9EEB3100B52DE1 /* TrackerTests */,
				243024D92C525B3500B0F1D3 /* Products */,
				24937A5B2C88A06F00EDBAB7 /* README.md */,
				407AAA731646E1CEF21F1817 /* Pods */,
				E087A43202EDFBF6237762FC /* Frameworks */,
			);
			sourceTree = "<group>";
		};
		243024D92C525B3500B0F1D3 /* Products */ = {
			isa = PBXGroup;
			children = (
				243024D82C525B3500B0F1D3 /* Tracker.app */,
				249E17B72C9EEB3100B52DE1 /* TrackerTests.xctest */,
			);
			name = Products;
			sourceTree = "<group>";
		};
		249E17B82C9EEB3100B52DE1 /* TrackerTests */ = {
			isa = PBXGroup;
			children = (
			);
			path = TrackerTests;
			sourceTree = "<group>";
		};
		407AAA731646E1CEF21F1817 /* Pods */ = {
			isa = PBXGroup;
			children = (
				A52F91934BD9CA2D7DE14072 /* Pods-Tracker.debug.xcconfig */,
				7F667EDF588089BF6C97FD39 /* Pods-Tracker.release.xcconfig */,
				0C093144A15C26500E39F518 /* Pods-TrackerTests.debug.xcconfig */,
				5A9F3483E292D9E3F2264609 /* Pods-TrackerTests.release.xcconfig */,
			);
			path = Pods;
			sourceTree = "<group>";
		};
		E087A43202EDFBF6237762FC /* Frameworks */ = {
			isa = PBXGroup;
			children = (
				AA0B4902CEA03CC2F8101F24 /* Pods_Tracker.framework */,
			);
			name = Frameworks;
			sourceTree = "<group>";
		};
/* End PBXGroup section */

/* Begin PBXNativeTarget section */
		243024D72C525B3500B0F1D3 /* Tracker */ = {
			isa = PBXNativeTarget;
			buildConfigurationList = 243024EC2C525B3700B0F1D3 /* Build configuration list for PBXNativeTarget "Tracker" */;
			buildPhases = (
				70021DEE3E14A63FBD5A5F32 /* [CP] Check Pods Manifest.lock */,
				243024D42C525B3500B0F1D3 /* Sources */,
				243024D52C525B3500B0F1D3 /* Frameworks */,
				243024D62C525B3500B0F1D3 /* Resources */,
				9A266A829360DEAB316D42D9 /* [CP] Embed Pods Frameworks */,
				24122C102CA020F900B2F090 /* Embed Frameworks */,
			);
			buildRules = (
			);
			dependencies = (
			);
			name = Tracker;
			productName = Tracker;
			productReference = 243024D82C525B3500B0F1D3 /* Tracker.app */;
			productType = "com.apple.product-type.application";
		};
		249E17B62C9EEB3100B52DE1 /* TrackerTests */ = {
			isa = PBXNativeTarget;
			buildConfigurationList = 249E17BF2C9EEB3100B52DE1 /* Build configuration list for PBXNativeTarget "TrackerTests" */;
			buildPhases = (
				0E3F98B87F9BADB987AE3B5A /* [CP] Check Pods Manifest.lock */,
				249E17B32C9EEB3100B52DE1 /* Sources */,
				249E17B42C9EEB3100B52DE1 /* Frameworks */,
				249E17B52C9EEB3100B52DE1 /* Resources */,
			);
			buildRules = (
			);
			dependencies = (
				249E17BC2C9EEB3100B52DE1 /* PBXTargetDependency */,
			);
			name = TrackerTests;
			packageProductDependencies = (
				249E17C12C9EEB7200B52DE1 /* InlineSnapshotTesting */,
				249E17C32C9EEB7200B52DE1 /* SnapshotTesting */,
			);
			productName = TrackerTests;
			productReference = 249E17B72C9EEB3100B52DE1 /* TrackerTests.xctest */;
			productType = "com.apple.product-type.bundle.unit-test";
		};
/* End PBXNativeTarget section */

/* Begin PBXProject section */
		243024D02C525B3500B0F1D3 /* Project object */ = {
			isa = PBXProject;
			attributes = {
				BuildIndependentTargetsInParallel = 1;
				LastSwiftUpdateCheck = 1600;
				LastUpgradeCheck = 1540;
				TargetAttributes = {
					243024D72C525B3500B0F1D3 = {
						CreatedOnToolsVersion = 15.4;
					};
					249E17B62C9EEB3100B52DE1 = {
						CreatedOnToolsVersion = 16.0;
						TestTargetID = 243024D72C525B3500B0F1D3;
					};
				};
			};
			buildConfigurationList = 243024D32C525B3500B0F1D3 /* Build configuration list for PBXProject "Tracker" */;
			compatibilityVersion = "Xcode 14.0";
			developmentRegion = ru;
			hasScannedForEncodings = 0;
			knownRegions = (
				Base,
				ru,
				en,
				de,
				fr,
				es,
				it,
				"zh-Hans",
				ja,
			);
			mainGroup = 243024CF2C525B3500B0F1D3;
			packageReferences = (
				249E17C02C9EEB7200B52DE1 /* XCRemoteSwiftPackageReference "swift-snapshot-testing" */,
			);
			productRefGroup = 243024D92C525B3500B0F1D3 /* Products */;
			projectDirPath = "";
			projectRoot = "";
			targets = (
				243024D72C525B3500B0F1D3 /* Tracker */,
				249E17B62C9EEB3100B52DE1 /* TrackerTests */,
			);
		};
/* End PBXProject section */

/* Begin PBXResourcesBuildPhase section */
		243024D62C525B3500B0F1D3 /* Resources */ = {
			isa = PBXResourcesBuildPhase;
			buildActionMask = 2147483647;
			files = (
				24122BBE2CA01C0300B2F090 /* Assets.xcassets in Resources */,
				24122BC12CA01C0300B2F090 /* LaunchScreen.strings in Resources */,
				24122BC22CA01C0300B2F090 /* Localizable.strings in Resources */,
				24122BC32CA01C0300B2F090 /* Localizable.stringsdict in Resources */,
				24122C052CA01C0300B2F090 /* Base in Resources */,
			);
			runOnlyForDeploymentPostprocessing = 0;
		};
		249E17B52C9EEB3100B52DE1 /* Resources */ = {
			isa = PBXResourcesBuildPhase;
			buildActionMask = 2147483647;
			files = (
			);
			runOnlyForDeploymentPostprocessing = 0;
		};
/* End PBXResourcesBuildPhase section */

/* Begin PBXShellScriptBuildPhase section */
		0E3F98B87F9BADB987AE3B5A /* [CP] Check Pods Manifest.lock */ = {
			isa = PBXShellScriptBuildPhase;
			buildActionMask = 2147483647;
			files = (
			);
			inputFileListPaths = (
			);
			inputPaths = (
				"${PODS_PODFILE_DIR_PATH}/Podfile.lock",
				"${PODS_ROOT}/Manifest.lock",
			);
			name = "[CP] Check Pods Manifest.lock";
			outputFileListPaths = (
			);
			outputPaths = (
				"$(DERIVED_FILE_DIR)/Pods-TrackerTests-checkManifestLockResult.txt",
			);
			runOnlyForDeploymentPostprocessing = 0;
			shellPath = /bin/sh;
			shellScript = "diff \"${PODS_PODFILE_DIR_PATH}/Podfile.lock\" \"${PODS_ROOT}/Manifest.lock\" > /dev/null\nif [ $? != 0 ] ; then\n    # print error to STDERR\n    echo \"error: The sandbox is not in sync with the Podfile.lock. Run 'pod install' or update your CocoaPods installation.\" >&2\n    exit 1\nfi\n# This output is used by Xcode 'outputs' to avoid re-running this script phase.\necho \"SUCCESS\" > \"${SCRIPT_OUTPUT_FILE_0}\"\n";
			showEnvVarsInLog = 0;
		};
		70021DEE3E14A63FBD5A5F32 /* [CP] Check Pods Manifest.lock */ = {
			isa = PBXShellScriptBuildPhase;
			buildActionMask = 2147483647;
			files = (
			);
			inputFileListPaths = (
			);
			inputPaths = (
				"${PODS_PODFILE_DIR_PATH}/Podfile.lock",
				"${PODS_ROOT}/Manifest.lock",
			);
			name = "[CP] Check Pods Manifest.lock";
			outputFileListPaths = (
			);
			outputPaths = (
				"$(DERIVED_FILE_DIR)/Pods-Tracker-checkManifestLockResult.txt",
			);
			runOnlyForDeploymentPostprocessing = 0;
			shellPath = /bin/sh;
			shellScript = "diff \"${PODS_PODFILE_DIR_PATH}/Podfile.lock\" \"${PODS_ROOT}/Manifest.lock\" > /dev/null\nif [ $? != 0 ] ; then\n    # print error to STDERR\n    echo \"error: The sandbox is not in sync with the Podfile.lock. Run 'pod install' or update your CocoaPods installation.\" >&2\n    exit 1\nfi\n# This output is used by Xcode 'outputs' to avoid re-running this script phase.\necho \"SUCCESS\" > \"${SCRIPT_OUTPUT_FILE_0}\"\n";
			showEnvVarsInLog = 0;
		};
		9A266A829360DEAB316D42D9 /* [CP] Embed Pods Frameworks */ = {
			isa = PBXShellScriptBuildPhase;
			buildActionMask = 2147483647;
			files = (
			);
			inputFileListPaths = (
				"${PODS_ROOT}/Target Support Files/Pods-Tracker/Pods-Tracker-frameworks-${CONFIGURATION}-input-files.xcfilelist",
			);
			name = "[CP] Embed Pods Frameworks";
			outputFileListPaths = (
				"${PODS_ROOT}/Target Support Files/Pods-Tracker/Pods-Tracker-frameworks-${CONFIGURATION}-output-files.xcfilelist",
			);
			runOnlyForDeploymentPostprocessing = 0;
			shellPath = /bin/sh;
			shellScript = "\"${PODS_ROOT}/Target Support Files/Pods-Tracker/Pods-Tracker-frameworks.sh\"\n";
			showEnvVarsInLog = 0;
		};
/* End PBXShellScriptBuildPhase section */

/* Begin PBXSourcesBuildPhase section */
		243024D42C525B3500B0F1D3 /* Sources */ = {
			isa = PBXSourcesBuildPhase;
			buildActionMask = 2147483647;
			files = (
				24122BC42CA01C0300B2F090 /* GeometricParams.swift in Sources */,
				24122BC52CA01C0300B2F090 /* GlobalFunc.swift in Sources */,
				24122BC62CA01C0300B2F090 /* Logger.swift in Sources */,
				24122BC72CA01C0300B2F090 /* Notification + Extension.swift in Sources */,
				24122BC82CA01C0300B2F090 /* Placeholder.swift in Sources */,
				24122BC92CA01C0300B2F090 /* UIButton + Extensions.swift in Sources */,
				24122BCA2CA01C0300B2F090 /* UIColor + Extensions.swift in Sources */,
				24122BCB2CA01C0300B2F090 /* UIView + Extension.swift in Sources */,
				24122BCC2CA01C0300B2F090 /* StatisticsData.swift in Sources */,
				24122BCD2CA01C0300B2F090 /* StatisticCell.swift in Sources */,
				24122BCE2CA01C0300B2F090 /* StatisticsViewController.swift in Sources */,
				24122BCF2CA01C0300B2F090 /* StatisticsViewModel.swift in Sources */,
				24122BD02CA01C0300B2F090 /* CategoryCell.swift in Sources */,
				24122BD12CA01C0300B2F090 /* CategoryViewController.swift in Sources */,
				24122BD22CA01C0300B2F090 /* CategoryViewModel.swift in Sources */,
				24122BD32CA01C0300B2F090 /* CategoryBaseCell.swift in Sources */,
				24122BD42CA01C0300B2F090 /* CreateButtonsViewCell.swift in Sources */,
				24122BD52CA01C0300B2F090 /* EmojiesAndColorsCollectionViewCell.swift in Sources */,
				24122BD62CA01C0300B2F090 /* EmojiesAndColorsTableViewCell.swift in Sources */,
				24122BD72CA01C0300B2F090 /* TextViewCell.swift in Sources */,
				24122BD82CA01C0300B2F090 /* CreatingTrackerViewController.swift in Sources */,
				24122BD92CA01C0300B2F090 /* TrackerSection.swift in Sources */,
				24122BDA2CA01C0300B2F090 /* FilterViewController.swift in Sources */,
				24122BDB2CA01C0300B2F090 /* TrackersFilterManager.swift in Sources */,
				24122BDC2CA01C0300B2F090 /* ScheduleCell.swift in Sources */,
				24122BDD2CA01C0300B2F090 /* ScheduleViewController.swift in Sources */,
				24122BDE2CA01C0300B2F090 /* TrackersContextMenuHelper.swift in Sources */,
				24122BDF2CA01C0300B2F090 /* SectionHeaderView.swift in Sources */,
				24122BE02CA01C0300B2F090 /* TrackersCardCell.swift in Sources */,
				24122C0A2CA01D8200B2F090 /* GlobalConstants.swift in Sources */,
				24122BE12CA01C0300B2F090 /* TrackersViewController + Extension DataSource.swift in Sources */,
				24122BE22CA01C0300B2F090 /* TrackersViewController + Extension Delegate.swift in Sources */,
				24122BE32CA01C0300B2F090 /* TrackersViewController + Extension DelegateFlowLayout.swift in Sources */,
				24122BE42CA01C0300B2F090 /* TrackersPresenter.swift in Sources */,
				24122BE52CA01C0300B2F090 /* TrackersViewController.swift in Sources */,
				24122BE62CA01C0300B2F090 /* CoreDataStack.swift in Sources */,
				24122BE72CA01C0300B2F090 /* TrackerCoreData.xcdatamodeld in Sources */,
				24122BE82CA01C0300B2F090 /* TrackerCategoryStore.swift in Sources */,
				24122BE92CA01C0300B2F090 /* TrackerRecordStore.swift in Sources */,
				24122BEA2CA01C0300B2F090 /* TrackerStore.swift in Sources */,
				24122BEB2CA01C0300B2F090 /* DayOfTheWeek.swift in Sources */,
				24122BEC2CA01C0300B2F090 /* Tracker.swift in Sources */,
				24122BED2CA01C0300B2F090 /* TrackerCategory.swift in Sources */,
				24122BEE2CA01C0300B2F090 /* TrackerRecord.swift in Sources */,
				24122BEF2CA01C0300B2F090 /* ColorDataProvider.swift in Sources */,
				24122BF02CA01C0300B2F090 /* ConfigureTableViewCellsHelper.swift in Sources */,
				24122BF12CA01C0300B2F090 /* ContextMenuHelper.swift in Sources */,
				24122BF22CA01C0300B2F090 /* EmojiDataProvider.swift in Sources */,
				24122BF32CA01C0300B2F090 /* HandleActionsHelper.swift in Sources */,
				24122BF42CA01C0300B2F090 /* TableViewHelper.swift in Sources */,
				24122BF52CA01C0300B2F090 /* TrackerDataProvider.swift in Sources */,
				24122BF62CA01C0300B2F090 /* BaseTrackerViewController.swift in Sources */,
				24122BF72CA01C0300B2F090 /* LayoutConfigurator.swift in Sources */,
				24122BF82CA01C0300B2F090 /* LayoutConfiguratorFactory.swift in Sources */,
				24122BF92CA01C0300B2F090 /* TrackerViewControllerType.swift in Sources */,
				24122BFA2CA01C0300B2F090 /* TypeTrackersLayoutConfigurator.swift in Sources */,
				24122BFB2CA01C0300B2F090 /* TypeTrackersViewController.swift in Sources */,
				24122BFC2CA01C0300B2F090 /* BaseViewController.swift in Sources */,
				24122BFD2CA01C0300B2F090 /* ViewControllerType.swift in Sources */,
				24122BFE2CA01C0300B2F090 /* MainViewController.swift in Sources */,
				24122BFF2CA01C0300B2F090 /* OnboardingHelper.swift in Sources */,
				24122C002CA01C0300B2F090 /* OnboardingPageViewController.swift in Sources */,
				24122C012CA01C0300B2F090 /* OnboardingStatus.swift in Sources */,
				24122C082CA01D4400B2F090 /* AnalyticsService.swift in Sources */,
				24122C022CA01C0300B2F090 /* OnboardingViewController.swift in Sources */,
				24122C032CA01C0300B2F090 /* AppDelegate.swift in Sources */,
				24122C042CA01C0300B2F090 /* SceneDelegate.swift in Sources */,
			);
			runOnlyForDeploymentPostprocessing = 0;
		};
		249E17B32C9EEB3100B52DE1 /* Sources */ = {
			isa = PBXSourcesBuildPhase;
			buildActionMask = 2147483647;
			files = (
			);
			runOnlyForDeploymentPostprocessing = 0;
		};
/* End PBXSourcesBuildPhase section */

/* Begin PBXTargetDependency section */
		249E17BC2C9EEB3100B52DE1 /* PBXTargetDependency */ = {
			isa = PBXTargetDependency;
			target = 243024D72C525B3500B0F1D3 /* Tracker */;
			targetProxy = 249E17BB2C9EEB3100B52DE1 /* PBXContainerItemProxy */;
		};
/* End PBXTargetDependency section */

/* Begin PBXVariantGroup section */
		24122B9F2CA01C0300B2F090 /* LaunchScreen.storyboard */ = {
			isa = PBXVariantGroup;
			children = (
				24122B9E2CA01C0300B2F090 /* Base */,
			);
			name = LaunchScreen.storyboard;
			sourceTree = "<group>";
		};
		24122BA72CA01C0300B2F090 /* LaunchScreen.strings */ = {
			isa = PBXVariantGroup;
			children = (
				24122BA02CA01C0300B2F090 /* de */,
				24122BA12CA01C0300B2F090 /* en */,
				24122BA22CA01C0300B2F090 /* es */,
				24122BA32CA01C0300B2F090 /* fr */,
				24122BA42CA01C0300B2F090 /* it */,
				24122BA52CA01C0300B2F090 /* ja */,
				24122BA62CA01C0300B2F090 /* zh-Hans */,
			);
			name = LaunchScreen.strings;
			sourceTree = "<group>";
		};
		24122BB02CA01C0300B2F090 /* Localizable.strings */ = {
			isa = PBXVariantGroup;
			children = (
				24122BA82CA01C0300B2F090 /* de */,
				24122BA92CA01C0300B2F090 /* en */,
				24122BAA2CA01C0300B2F090 /* es */,
				24122BAB2CA01C0300B2F090 /* fr */,
				24122BAC2CA01C0300B2F090 /* it */,
				24122BAD2CA01C0300B2F090 /* ja */,
				24122BAE2CA01C0300B2F090 /* ru */,
				24122BAF2CA01C0300B2F090 /* zh-Hans */,
			);
			name = Localizable.strings;
			sourceTree = "<group>";
		};
		24122BB92CA01C0300B2F090 /* Localizable.stringsdict */ = {
			isa = PBXVariantGroup;
			children = (
				24122BB12CA01C0300B2F090 /* de */,
				24122BB22CA01C0300B2F090 /* en */,
				24122BB32CA01C0300B2F090 /* es */,
				24122BB42CA01C0300B2F090 /* fr */,
				24122BB52CA01C0300B2F090 /* it */,
				24122BB62CA01C0300B2F090 /* ja */,
				24122BB72CA01C0300B2F090 /* ru */,
				24122BB82CA01C0300B2F090 /* zh-Hans */,
			);
			name = Localizable.stringsdict;
			sourceTree = "<group>";
		};
/* End PBXVariantGroup section */

/* Begin XCBuildConfiguration section */
		243024EA2C525B3700B0F1D3 /* Debug */ = {
			isa = XCBuildConfiguration;
			buildSettings = {
				ALWAYS_SEARCH_USER_PATHS = NO;
				ASSETCATALOG_COMPILER_GENERATE_SWIFT_ASSET_SYMBOL_EXTENSIONS = YES;
				CLANG_ANALYZER_LOCALIZABILITY_NONLOCALIZED = YES;
				CLANG_ANALYZER_NONNULL = YES;
				CLANG_ANALYZER_NUMBER_OBJECT_CONVERSION = YES_AGGRESSIVE;
				CLANG_CXX_LANGUAGE_STANDARD = "gnu++20";
				CLANG_ENABLE_MODULES = YES;
				CLANG_ENABLE_OBJC_ARC = YES;
				CLANG_ENABLE_OBJC_WEAK = YES;
				CLANG_WARN_BLOCK_CAPTURE_AUTORELEASING = YES;
				CLANG_WARN_BOOL_CONVERSION = YES;
				CLANG_WARN_COMMA = YES;
				CLANG_WARN_CONSTANT_CONVERSION = YES;
				CLANG_WARN_DEPRECATED_OBJC_IMPLEMENTATIONS = YES;
				CLANG_WARN_DIRECT_OBJC_ISA_USAGE = YES_ERROR;
				CLANG_WARN_DOCUMENTATION_COMMENTS = YES;
				CLANG_WARN_EMPTY_BODY = YES;
				CLANG_WARN_ENUM_CONVERSION = YES;
				CLANG_WARN_INFINITE_RECURSION = YES;
				CLANG_WARN_INT_CONVERSION = YES;
				CLANG_WARN_NON_LITERAL_NULL_CONVERSION = YES;
				CLANG_WARN_OBJC_IMPLICIT_RETAIN_SELF = YES;
				CLANG_WARN_OBJC_LITERAL_CONVERSION = YES;
				CLANG_WARN_OBJC_ROOT_CLASS = YES_ERROR;
				CLANG_WARN_QUOTED_INCLUDE_IN_FRAMEWORK_HEADER = YES;
				CLANG_WARN_RANGE_LOOP_ANALYSIS = YES;
				CLANG_WARN_STRICT_PROTOTYPES = YES;
				CLANG_WARN_SUSPICIOUS_MOVE = YES;
				CLANG_WARN_UNGUARDED_AVAILABILITY = YES_AGGRESSIVE;
				CLANG_WARN_UNREACHABLE_CODE = YES;
				CLANG_WARN__DUPLICATE_METHOD_MATCH = YES;
				COPY_PHASE_STRIP = NO;
				DEBUG_INFORMATION_FORMAT = dwarf;
				ENABLE_STRICT_OBJC_MSGSEND = YES;
				ENABLE_TESTABILITY = YES;
				ENABLE_USER_SCRIPT_SANDBOXING = YES;
				GCC_C_LANGUAGE_STANDARD = gnu17;
				GCC_DYNAMIC_NO_PIC = NO;
				GCC_NO_COMMON_BLOCKS = YES;
				GCC_OPTIMIZATION_LEVEL = 0;
				GCC_PREPROCESSOR_DEFINITIONS = (
					"DEBUG=1",
					"$(inherited)",
				);
				GCC_WARN_64_TO_32_BIT_CONVERSION = YES;
				GCC_WARN_ABOUT_RETURN_TYPE = YES_ERROR;
				GCC_WARN_UNDECLARED_SELECTOR = YES;
				GCC_WARN_UNINITIALIZED_AUTOS = YES_AGGRESSIVE;
				GCC_WARN_UNUSED_FUNCTION = YES;
				GCC_WARN_UNUSED_VARIABLE = YES;
				IPHONEOS_DEPLOYMENT_TARGET = 13.4;
				LOCALIZATION_PREFERS_STRING_CATALOGS = YES;
				MTL_ENABLE_DEBUG_INFO = INCLUDE_SOURCE;
				MTL_FAST_MATH = YES;
				ONLY_ACTIVE_ARCH = YES;
				SDKROOT = iphoneos;
				SWIFT_ACTIVE_COMPILATION_CONDITIONS = "DEBUG $(inherited)";
				SWIFT_OPTIMIZATION_LEVEL = "-Onone";
			};
			name = Debug;
		};
		243024EB2C525B3700B0F1D3 /* Release */ = {
			isa = XCBuildConfiguration;
			buildSettings = {
				ALWAYS_SEARCH_USER_PATHS = NO;
				ASSETCATALOG_COMPILER_GENERATE_SWIFT_ASSET_SYMBOL_EXTENSIONS = YES;
				CLANG_ANALYZER_LOCALIZABILITY_NONLOCALIZED = YES;
				CLANG_ANALYZER_NONNULL = YES;
				CLANG_ANALYZER_NUMBER_OBJECT_CONVERSION = YES_AGGRESSIVE;
				CLANG_CXX_LANGUAGE_STANDARD = "gnu++20";
				CLANG_ENABLE_MODULES = YES;
				CLANG_ENABLE_OBJC_ARC = YES;
				CLANG_ENABLE_OBJC_WEAK = YES;
				CLANG_WARN_BLOCK_CAPTURE_AUTORELEASING = YES;
				CLANG_WARN_BOOL_CONVERSION = YES;
				CLANG_WARN_COMMA = YES;
				CLANG_WARN_CONSTANT_CONVERSION = YES;
				CLANG_WARN_DEPRECATED_OBJC_IMPLEMENTATIONS = YES;
				CLANG_WARN_DIRECT_OBJC_ISA_USAGE = YES_ERROR;
				CLANG_WARN_DOCUMENTATION_COMMENTS = YES;
				CLANG_WARN_EMPTY_BODY = YES;
				CLANG_WARN_ENUM_CONVERSION = YES;
				CLANG_WARN_INFINITE_RECURSION = YES;
				CLANG_WARN_INT_CONVERSION = YES;
				CLANG_WARN_NON_LITERAL_NULL_CONVERSION = YES;
				CLANG_WARN_OBJC_IMPLICIT_RETAIN_SELF = YES;
				CLANG_WARN_OBJC_LITERAL_CONVERSION = YES;
				CLANG_WARN_OBJC_ROOT_CLASS = YES_ERROR;
				CLANG_WARN_QUOTED_INCLUDE_IN_FRAMEWORK_HEADER = YES;
				CLANG_WARN_RANGE_LOOP_ANALYSIS = YES;
				CLANG_WARN_STRICT_PROTOTYPES = YES;
				CLANG_WARN_SUSPICIOUS_MOVE = YES;
				CLANG_WARN_UNGUARDED_AVAILABILITY = YES_AGGRESSIVE;
				CLANG_WARN_UNREACHABLE_CODE = YES;
				CLANG_WARN__DUPLICATE_METHOD_MATCH = YES;
				COPY_PHASE_STRIP = NO;
				DEBUG_INFORMATION_FORMAT = "dwarf-with-dsym";
				ENABLE_NS_ASSERTIONS = NO;
				ENABLE_STRICT_OBJC_MSGSEND = YES;
				ENABLE_USER_SCRIPT_SANDBOXING = YES;
				GCC_C_LANGUAGE_STANDARD = gnu17;
				GCC_NO_COMMON_BLOCKS = YES;
				GCC_WARN_64_TO_32_BIT_CONVERSION = YES;
				GCC_WARN_ABOUT_RETURN_TYPE = YES_ERROR;
				GCC_WARN_UNDECLARED_SELECTOR = YES;
				GCC_WARN_UNINITIALIZED_AUTOS = YES_AGGRESSIVE;
				GCC_WARN_UNUSED_FUNCTION = YES;
				GCC_WARN_UNUSED_VARIABLE = YES;
				IPHONEOS_DEPLOYMENT_TARGET = 13.4;
				LOCALIZATION_PREFERS_STRING_CATALOGS = YES;
				MTL_ENABLE_DEBUG_INFO = NO;
				MTL_FAST_MATH = YES;
				SDKROOT = iphoneos;
				SWIFT_COMPILATION_MODE = wholemodule;
				VALIDATE_PRODUCT = YES;
			};
			name = Release;
		};
		243024ED2C525B3700B0F1D3 /* Debug */ = {
			isa = XCBuildConfiguration;
			baseConfigurationReference = A52F91934BD9CA2D7DE14072 /* Pods-Tracker.debug.xcconfig */;
			buildSettings = {
				ASSETCATALOG_COMPILER_APPICON_NAME = AppIcon;
				ASSETCATALOG_COMPILER_GLOBAL_ACCENT_COLOR_NAME = AccentColor;
				CODE_SIGN_STYLE = Automatic;
				CURRENT_PROJECT_VERSION = 1;
				DEVELOPMENT_TEAM = B497B3XW8R;
				ENABLE_USER_SCRIPT_SANDBOXING = NO;
				GENERATE_INFOPLIST_FILE = YES;
				INFOPLIST_FILE = Tracker/Resources/Info.plist;
				INFOPLIST_KEY_UIApplicationSupportsIndirectInputEvents = YES;
				INFOPLIST_KEY_UILaunchStoryboardName = LaunchScreen;
				INFOPLIST_KEY_UISupportedInterfaceOrientations = UIInterfaceOrientationPortrait;
				IPHONEOS_DEPLOYMENT_TARGET = 13.4;
				LD_RUNPATH_SEARCH_PATHS = (
					"$(inherited)",
					"@executable_path/Frameworks",
				);
				MARKETING_VERSION = 1.0;
				PRODUCT_BUNDLE_IDENTIFIER = ru.yandex.practicum.Tracker;
				PRODUCT_NAME = "$(TARGET_NAME)";
				SUPPORTED_PLATFORMS = "iphoneos iphonesimulator";
				SUPPORTS_MACCATALYST = NO;
				SUPPORTS_MAC_DESIGNED_FOR_IPHONE_IPAD = NO;
				SUPPORTS_XR_DESIGNED_FOR_IPHONE_IPAD = NO;
				SWIFT_EMIT_LOC_STRINGS = YES;
				SWIFT_VERSION = 5.0;
				TARGETED_DEVICE_FAMILY = 1;
			};
			name = Debug;
		};
		243024EE2C525B3700B0F1D3 /* Release */ = {
			isa = XCBuildConfiguration;
			baseConfigurationReference = 7F667EDF588089BF6C97FD39 /* Pods-Tracker.release.xcconfig */;
			buildSettings = {
				ASSETCATALOG_COMPILER_APPICON_NAME = AppIcon;
				ASSETCATALOG_COMPILER_GLOBAL_ACCENT_COLOR_NAME = AccentColor;
				CODE_SIGN_STYLE = Automatic;
				CURRENT_PROJECT_VERSION = 1;
				DEVELOPMENT_TEAM = B497B3XW8R;
				ENABLE_USER_SCRIPT_SANDBOXING = NO;
				GENERATE_INFOPLIST_FILE = YES;
				INFOPLIST_FILE = Tracker/Resources/Info.plist;
				INFOPLIST_KEY_UIApplicationSupportsIndirectInputEvents = YES;
				INFOPLIST_KEY_UILaunchStoryboardName = LaunchScreen;
				INFOPLIST_KEY_UISupportedInterfaceOrientations = UIInterfaceOrientationPortrait;
				IPHONEOS_DEPLOYMENT_TARGET = 13.4;
				LD_RUNPATH_SEARCH_PATHS = (
					"$(inherited)",
					"@executable_path/Frameworks",
				);
				MARKETING_VERSION = 1.0;
				PRODUCT_BUNDLE_IDENTIFIER = ru.yandex.practicum.Tracker;
				PRODUCT_NAME = "$(TARGET_NAME)";
				SUPPORTED_PLATFORMS = "iphoneos iphonesimulator";
				SUPPORTS_MACCATALYST = NO;
				SUPPORTS_MAC_DESIGNED_FOR_IPHONE_IPAD = NO;
				SUPPORTS_XR_DESIGNED_FOR_IPHONE_IPAD = NO;
				SWIFT_EMIT_LOC_STRINGS = YES;
				SWIFT_VERSION = 5.0;
				TARGETED_DEVICE_FAMILY = 1;
			};
			name = Release;
		};
		249E17BD2C9EEB3100B52DE1 /* Debug */ = {
			isa = XCBuildConfiguration;
			baseConfigurationReference = 0C093144A15C26500E39F518 /* Pods-TrackerTests.debug.xcconfig */;
			buildSettings = {
				BUNDLE_LOADER = "$(TEST_HOST)";
				CODE_SIGN_STYLE = Automatic;
				CURRENT_PROJECT_VERSION = 1;
				DEVELOPMENT_TEAM = B497B3XW8R;
				ENABLE_USER_SCRIPT_SANDBOXING = NO;
				GENERATE_INFOPLIST_FILE = YES;
				IPHONEOS_DEPLOYMENT_TARGET = 18.0;
				MARKETING_VERSION = 1.0;
				PRODUCT_BUNDLE_IDENTIFIER = ru.yandex.practicum.TrackerTests;
				PRODUCT_NAME = "$(TARGET_NAME)";
				SWIFT_EMIT_LOC_STRINGS = NO;
				SWIFT_VERSION = 5.0;
				TARGETED_DEVICE_FAMILY = "1,2";
				TEST_HOST = "$(BUILT_PRODUCTS_DIR)/Tracker.app/$(BUNDLE_EXECUTABLE_FOLDER_PATH)/Tracker";
			};
			name = Debug;
		};
		249E17BE2C9EEB3100B52DE1 /* Release */ = {
			isa = XCBuildConfiguration;
			baseConfigurationReference = 5A9F3483E292D9E3F2264609 /* Pods-TrackerTests.release.xcconfig */;
			buildSettings = {
				BUNDLE_LOADER = "$(TEST_HOST)";
				CODE_SIGN_STYLE = Automatic;
				CURRENT_PROJECT_VERSION = 1;
				DEVELOPMENT_TEAM = B497B3XW8R;
				ENABLE_USER_SCRIPT_SANDBOXING = NO;
				GENERATE_INFOPLIST_FILE = YES;
				IPHONEOS_DEPLOYMENT_TARGET = 18.0;
				MARKETING_VERSION = 1.0;
				PRODUCT_BUNDLE_IDENTIFIER = ru.yandex.practicum.TrackerTests;
				PRODUCT_NAME = "$(TARGET_NAME)";
				SWIFT_EMIT_LOC_STRINGS = NO;
				SWIFT_VERSION = 5.0;
				TARGETED_DEVICE_FAMILY = "1,2";
				TEST_HOST = "$(BUILT_PRODUCTS_DIR)/Tracker.app/$(BUNDLE_EXECUTABLE_FOLDER_PATH)/Tracker";
			};
			name = Release;
		};
/* End XCBuildConfiguration section */

/* Begin XCConfigurationList section */
		243024D32C525B3500B0F1D3 /* Build configuration list for PBXProject "Tracker" */ = {
			isa = XCConfigurationList;
			buildConfigurations = (
				243024EA2C525B3700B0F1D3 /* Debug */,
				243024EB2C525B3700B0F1D3 /* Release */,
			);
			defaultConfigurationIsVisible = 0;
			defaultConfigurationName = Release;
		};
		243024EC2C525B3700B0F1D3 /* Build configuration list for PBXNativeTarget "Tracker" */ = {
			isa = XCConfigurationList;
			buildConfigurations = (
				243024ED2C525B3700B0F1D3 /* Debug */,
				243024EE2C525B3700B0F1D3 /* Release */,
			);
			defaultConfigurationIsVisible = 0;
			defaultConfigurationName = Release;
		};
		249E17BF2C9EEB3100B52DE1 /* Build configuration list for PBXNativeTarget "TrackerTests" */ = {
			isa = XCConfigurationList;
			buildConfigurations = (
				249E17BD2C9EEB3100B52DE1 /* Debug */,
				249E17BE2C9EEB3100B52DE1 /* Release */,
			);
			defaultConfigurationIsVisible = 0;
			defaultConfigurationName = Release;
		};
/* End XCConfigurationList section */

/* Begin XCRemoteSwiftPackageReference section */
		249E17C02C9EEB7200B52DE1 /* XCRemoteSwiftPackageReference "swift-snapshot-testing" */ = {
			isa = XCRemoteSwiftPackageReference;
			repositoryURL = "https://github.com/pointfreeco/swift-snapshot-testing.git";
			requirement = {
				kind = upToNextMajorVersion;
				minimumVersion = 1.17.5;
			};
		};
/* End XCRemoteSwiftPackageReference section */

/* Begin XCSwiftPackageProductDependency section */
		249E17C12C9EEB7200B52DE1 /* InlineSnapshotTesting */ = {
			isa = XCSwiftPackageProductDependency;
			package = 249E17C02C9EEB7200B52DE1 /* XCRemoteSwiftPackageReference "swift-snapshot-testing" */;
			productName = InlineSnapshotTesting;
		};
		249E17C32C9EEB7200B52DE1 /* SnapshotTesting */ = {
			isa = XCSwiftPackageProductDependency;
			package = 249E17C02C9EEB7200B52DE1 /* XCRemoteSwiftPackageReference "swift-snapshot-testing" */;
			productName = SnapshotTesting;
		};
/* End XCSwiftPackageProductDependency section */

/* Begin XCVersionGroup section */
		24122B762CA01C0300B2F090 /* TrackerCoreData.xcdatamodeld */ = {
			isa = XCVersionGroup;
			children = (
				24122BBD2CA01C0300B2F090 /* TrackerCoreData.xcdatamodel */,
			);
			currentVersion = 24122BBD2CA01C0300B2F090 /* TrackerCoreData.xcdatamodel */;
			path = TrackerCoreData.xcdatamodeld;
			sourceTree = "<group>";
			versionGroupType = wrapper.xcdatamodel;
		};
/* End XCVersionGroup section */
	};
	rootObject = 243024D02C525B3500B0F1D3 /* Project object */;
}
