// !$*UTF8*$!
{
	archiveVersion = 1;
	classes = {
	};
	objectVersion = 56;
	objects = {

/* Begin PBXBuildFile section */
		2411D66A2C5BCDE80031C584 /* SectionHeaderView.swift in Sources */ = {isa = PBXBuildFile; fileRef = 2411D6692C5BCDE80031C584 /* SectionHeaderView.swift */; };
		2411D66E2C5CD39A0031C584 /* Extension TrackersViewController + UICollectionViewDelegateFlowLayout.swift in Sources */ = {isa = PBXBuildFile; fileRef = 2411D66D2C5CD39A0031C584 /* Extension TrackersViewController + UICollectionViewDelegateFlowLayout.swift */; };
		2411D6712C60CAD00031C584 /* GeometricParams.swift in Sources */ = {isa = PBXBuildFile; fileRef = 2411D6702C60CACF0031C584 /* GeometricParams.swift */; };
		2411D6742C621C6E0031C584 /* TypeTrackersViewController.swift in Sources */ = {isa = PBXBuildFile; fileRef = 2411D6732C621C6E0031C584 /* TypeTrackersViewController.swift */; };
		2411D6772C622E200031C584 /* CreatingTrackerViewController.swift in Sources */ = {isa = PBXBuildFile; fileRef = 2411D6762C622E200031C584 /* CreatingTrackerViewController.swift */; };
		2411D67C2C6233690031C584 /* Extension CreatingTrackerViewController + UITableViewDataSource, UITableViewDelegate.swift in Sources */ = {isa = PBXBuildFile; fileRef = 2411D67B2C6233690031C584 /* Extension CreatingTrackerViewController + UITableViewDataSource, UITableViewDelegate.swift */; };
		2411D67E2C6233F50031C584 /* CollectionTableViewCell.swift in Sources */ = {isa = PBXBuildFile; fileRef = 2411D67D2C6233F50031C584 /* CollectionTableViewCell.swift */; };
		2411D6852C623F950031C584 /* TextViewCell.swift in Sources */ = {isa = PBXBuildFile; fileRef = 2411D6842C623F950031C584 /* TextViewCell.swift */; };
		2411D6892C624A380031C584 /* ButtonCell.swift in Sources */ = {isa = PBXBuildFile; fileRef = 2411D6882C624A380031C584 /* ButtonCell.swift */; };
		2411D68B2C626AF60031C584 /* TrackerSection.swift in Sources */ = {isa = PBXBuildFile; fileRef = 2411D68A2C626AF60031C584 /* TrackerSection.swift */; };
		2411D68F2C634DBD0031C584 /* CreateButtonsViewCell.swift in Sources */ = {isa = PBXBuildFile; fileRef = 2411D68E2C634DBD0031C584 /* CreateButtonsViewCell.swift */; };
		2411D6912C635F0F0031C584 /* CollectionViewCell.swift in Sources */ = {isa = PBXBuildFile; fileRef = 2411D6902C635F0F0031C584 /* CollectionViewCell.swift */; };
		2411D6942C63676E0031C584 /* UIColor + Extensions.swift in Sources */ = {isa = PBXBuildFile; fileRef = 2411D6932C63676E0031C584 /* UIColor + Extensions.swift */; };
		243024DC2C525B3500B0F1D3 /* AppDelegate.swift in Sources */ = {isa = PBXBuildFile; fileRef = 243024DB2C525B3500B0F1D3 /* AppDelegate.swift */; };
		243024DE2C525B3500B0F1D3 /* SceneDelegate.swift in Sources */ = {isa = PBXBuildFile; fileRef = 243024DD2C525B3500B0F1D3 /* SceneDelegate.swift */; };
		243024E02C525B3500B0F1D3 /* MainViewController.swift in Sources */ = {isa = PBXBuildFile; fileRef = 243024DF2C525B3500B0F1D3 /* MainViewController.swift */; };
		243024E52C525B3700B0F1D3 /* Assets.xcassets in Resources */ = {isa = PBXBuildFile; fileRef = 243024E42C525B3700B0F1D3 /* Assets.xcassets */; };
		243024E82C525B3700B0F1D3 /* Base in Resources */ = {isa = PBXBuildFile; fileRef = 243024E72C525B3700B0F1D3 /* Base */; };
		243024F32C52894900B0F1D3 /* TrackersViewController.swift in Sources */ = {isa = PBXBuildFile; fileRef = 243024F22C52894900B0F1D3 /* TrackersViewController.swift */; };
		243024F52C5289B500B0F1D3 /* StatisticViewController.swift in Sources */ = {isa = PBXBuildFile; fileRef = 243024F42C5289B500B0F1D3 /* StatisticViewController.swift */; };
		243024F72C5292AD00B0F1D3 /* Logger.swift in Sources */ = {isa = PBXBuildFile; fileRef = 243024F62C5292AD00B0F1D3 /* Logger.swift */; };
		243024FB2C53C4A500B0F1D3 /* TrackersCardCell.swift in Sources */ = {isa = PBXBuildFile; fileRef = 243024FA2C53C4A500B0F1D3 /* TrackersCardCell.swift */; };
		247E4FFF2C577DC800630037 /* Extension TrackersViewController  + UICollectionViewDataSource.swift in Sources */ = {isa = PBXBuildFile; fileRef = 247E4FFE2C577DC800630037 /* Extension TrackersViewController  + UICollectionViewDataSource.swift */; };
		247E50012C577E2700630037 /* Extension TrackersViewController + UICollectionDelegate.swift in Sources */ = {isa = PBXBuildFile; fileRef = 247E50002C577E2600630037 /* Extension TrackersViewController + UICollectionDelegate.swift */; };
		247E504E2C58DC4800630037 /* Tracker.swift in Sources */ = {isa = PBXBuildFile; fileRef = 247E504D2C58DC4800630037 /* Tracker.swift */; };
		247E50502C58DC6400630037 /* TrackerCategory.swift in Sources */ = {isa = PBXBuildFile; fileRef = 247E504F2C58DC6400630037 /* TrackerCategory.swift */; };
		247E50522C58DC7700630037 /* TrackerRecord.swift in Sources */ = {isa = PBXBuildFile; fileRef = 247E50512C58DC7700630037 /* TrackerRecord.swift */; };
		247E50542C58EC5900630037 /* Schedule.swift in Sources */ = {isa = PBXBuildFile; fileRef = 247E50532C58EC5900630037 /* Schedule.swift */; };
		247E50562C58EEB300630037 /* TrackersPresenter.swift in Sources */ = {isa = PBXBuildFile; fileRef = 247E50552C58EEB300630037 /* TrackersPresenter.swift */; };
/* End PBXBuildFile section */

/* Begin PBXFileReference section */
		2411D6692C5BCDE80031C584 /* SectionHeaderView.swift */ = {isa = PBXFileReference; lastKnownFileType = sourcecode.swift; path = SectionHeaderView.swift; sourceTree = "<group>"; };
		2411D66D2C5CD39A0031C584 /* Extension TrackersViewController + UICollectionViewDelegateFlowLayout.swift */ = {isa = PBXFileReference; lastKnownFileType = sourcecode.swift; path = "Extension TrackersViewController + UICollectionViewDelegateFlowLayout.swift"; sourceTree = "<group>"; };
		2411D6702C60CACF0031C584 /* GeometricParams.swift */ = {isa = PBXFileReference; lastKnownFileType = sourcecode.swift; path = GeometricParams.swift; sourceTree = "<group>"; };
		2411D6732C621C6E0031C584 /* TypeTrackersViewController.swift */ = {isa = PBXFileReference; lastKnownFileType = sourcecode.swift; path = TypeTrackersViewController.swift; sourceTree = "<group>"; };
		2411D6762C622E200031C584 /* CreatingTrackerViewController.swift */ = {isa = PBXFileReference; lastKnownFileType = sourcecode.swift; path = CreatingTrackerViewController.swift; sourceTree = "<group>"; };
		2411D67B2C6233690031C584 /* Extension CreatingTrackerViewController + UITableViewDataSource, UITableViewDelegate.swift */ = {isa = PBXFileReference; lastKnownFileType = sourcecode.swift; path = "Extension CreatingTrackerViewController + UITableViewDataSource, UITableViewDelegate.swift"; sourceTree = "<group>"; };
		2411D67D2C6233F50031C584 /* CollectionTableViewCell.swift */ = {isa = PBXFileReference; lastKnownFileType = sourcecode.swift; path = CollectionTableViewCell.swift; sourceTree = "<group>"; };
		2411D6842C623F950031C584 /* TextViewCell.swift */ = {isa = PBXFileReference; lastKnownFileType = sourcecode.swift; path = TextViewCell.swift; sourceTree = "<group>"; };
		2411D6882C624A380031C584 /* ButtonCell.swift */ = {isa = PBXFileReference; lastKnownFileType = sourcecode.swift; path = ButtonCell.swift; sourceTree = "<group>"; };
		2411D68A2C626AF60031C584 /* TrackerSection.swift */ = {isa = PBXFileReference; lastKnownFileType = sourcecode.swift; path = TrackerSection.swift; sourceTree = "<group>"; };
		2411D68E2C634DBD0031C584 /* CreateButtonsViewCell.swift */ = {isa = PBXFileReference; lastKnownFileType = sourcecode.swift; path = CreateButtonsViewCell.swift; sourceTree = "<group>"; };
		2411D6902C635F0F0031C584 /* CollectionViewCell.swift */ = {isa = PBXFileReference; lastKnownFileType = sourcecode.swift; path = CollectionViewCell.swift; sourceTree = "<group>"; };
		2411D6932C63676E0031C584 /* UIColor + Extensions.swift */ = {isa = PBXFileReference; lastKnownFileType = sourcecode.swift; path = "UIColor + Extensions.swift"; sourceTree = "<group>"; };
		243024D82C525B3500B0F1D3 /* Tracker.app */ = {isa = PBXFileReference; explicitFileType = wrapper.application; includeInIndex = 0; path = Tracker.app; sourceTree = BUILT_PRODUCTS_DIR; };
		243024DB2C525B3500B0F1D3 /* AppDelegate.swift */ = {isa = PBXFileReference; lastKnownFileType = sourcecode.swift; path = AppDelegate.swift; sourceTree = "<group>"; };
		243024DD2C525B3500B0F1D3 /* SceneDelegate.swift */ = {isa = PBXFileReference; lastKnownFileType = sourcecode.swift; path = SceneDelegate.swift; sourceTree = "<group>"; };
		243024DF2C525B3500B0F1D3 /* MainViewController.swift */ = {isa = PBXFileReference; lastKnownFileType = sourcecode.swift; path = MainViewController.swift; sourceTree = "<group>"; };
		243024E42C525B3700B0F1D3 /* Assets.xcassets */ = {isa = PBXFileReference; lastKnownFileType = folder.assetcatalog; path = Assets.xcassets; sourceTree = "<group>"; };
		243024E72C525B3700B0F1D3 /* Base */ = {isa = PBXFileReference; lastKnownFileType = file.storyboard; name = Base; path = Base.lproj/LaunchScreen.storyboard; sourceTree = "<group>"; };
		243024E92C525B3700B0F1D3 /* Info.plist */ = {isa = PBXFileReference; lastKnownFileType = text.plist.xml; path = Info.plist; sourceTree = "<group>"; };
		243024F22C52894900B0F1D3 /* TrackersViewController.swift */ = {isa = PBXFileReference; lastKnownFileType = sourcecode.swift; path = TrackersViewController.swift; sourceTree = "<group>"; };
		243024F42C5289B500B0F1D3 /* StatisticViewController.swift */ = {isa = PBXFileReference; lastKnownFileType = sourcecode.swift; path = StatisticViewController.swift; sourceTree = "<group>"; };
		243024F62C5292AD00B0F1D3 /* Logger.swift */ = {isa = PBXFileReference; lastKnownFileType = sourcecode.swift; path = Logger.swift; sourceTree = "<group>"; };
		243024FA2C53C4A500B0F1D3 /* TrackersCardCell.swift */ = {isa = PBXFileReference; lastKnownFileType = sourcecode.swift; path = TrackersCardCell.swift; sourceTree = "<group>"; };
		247E4FFE2C577DC800630037 /* Extension TrackersViewController  + UICollectionViewDataSource.swift */ = {isa = PBXFileReference; lastKnownFileType = sourcecode.swift; path = "Extension TrackersViewController  + UICollectionViewDataSource.swift"; sourceTree = "<group>"; };
		247E50002C577E2600630037 /* Extension TrackersViewController + UICollectionDelegate.swift */ = {isa = PBXFileReference; lastKnownFileType = sourcecode.swift; path = "Extension TrackersViewController + UICollectionDelegate.swift"; sourceTree = "<group>"; };
		247E504D2C58DC4800630037 /* Tracker.swift */ = {isa = PBXFileReference; lastKnownFileType = sourcecode.swift; path = Tracker.swift; sourceTree = "<group>"; };
		247E504F2C58DC6400630037 /* TrackerCategory.swift */ = {isa = PBXFileReference; lastKnownFileType = sourcecode.swift; path = TrackerCategory.swift; sourceTree = "<group>"; };
		247E50512C58DC7700630037 /* TrackerRecord.swift */ = {isa = PBXFileReference; lastKnownFileType = sourcecode.swift; path = TrackerRecord.swift; sourceTree = "<group>"; };
		247E50532C58EC5900630037 /* Schedule.swift */ = {isa = PBXFileReference; lastKnownFileType = sourcecode.swift; path = Schedule.swift; sourceTree = "<group>"; };
		247E50552C58EEB300630037 /* TrackersPresenter.swift */ = {isa = PBXFileReference; lastKnownFileType = sourcecode.swift; path = TrackersPresenter.swift; sourceTree = "<group>"; };
/* End PBXFileReference section */

/* Begin PBXFrameworksBuildPhase section */
		243024D52C525B3500B0F1D3 /* Frameworks */ = {
			isa = PBXFrameworksBuildPhase;
			buildActionMask = 2147483647;
			files = (
			);
			runOnlyForDeploymentPostprocessing = 0;
		};
/* End PBXFrameworksBuildPhase section */

/* Begin PBXGroup section */
		2411D66F2C5CD3A30031C584 /* Extensions */ = {
			isa = PBXGroup;
			children = (
				247E4FFE2C577DC800630037 /* Extension TrackersViewController  + UICollectionViewDataSource.swift */,
				247E50002C577E2600630037 /* Extension TrackersViewController + UICollectionDelegate.swift */,
				2411D66D2C5CD39A0031C584 /* Extension TrackersViewController + UICollectionViewDelegateFlowLayout.swift */,
			);
			path = Extensions;
			sourceTree = "<group>";
		};
		2411D6722C621C3B0031C584 /* TypeTrackersVC */ = {
			isa = PBXGroup;
			children = (
				2411D6732C621C6E0031C584 /* TypeTrackersViewController.swift */,
			);
			path = TypeTrackersVC;
			sourceTree = "<group>";
		};
		2411D6752C622DD60031C584 /* CreateTrackersVC */ = {
			isa = PBXGroup;
			children = (
				2411D6832C623F750031C584 /* Cells */,
				2411D6782C6232CA0031C584 /* Estensions */,
				2411D6762C622E200031C584 /* CreatingTrackerViewController.swift */,
				2411D68A2C626AF60031C584 /* TrackerSection.swift */,
			);
			path = CreateTrackersVC;
			sourceTree = "<group>";
		};
		2411D6782C6232CA0031C584 /* Estensions */ = {
			isa = PBXGroup;
			children = (
				2411D67B2C6233690031C584 /* Extension CreatingTrackerViewController + UITableViewDataSource, UITableViewDelegate.swift */,
			);
			path = Estensions;
			sourceTree = "<group>";
		};
		2411D6832C623F750031C584 /* Cells */ = {
			isa = PBXGroup;
			children = (
				2411D6842C623F950031C584 /* TextViewCell.swift */,
				2411D6882C624A380031C584 /* ButtonCell.swift */,
				2411D67D2C6233F50031C584 /* CollectionTableViewCell.swift */,
				2411D68E2C634DBD0031C584 /* CreateButtonsViewCell.swift */,
				2411D6902C635F0F0031C584 /* CollectionViewCell.swift */,
			);
			path = Cells;
			sourceTree = "<group>";
		};
		2411D6922C6367470031C584 /* Extensions */ = {
			isa = PBXGroup;
			children = (
				2411D6932C63676E0031C584 /* UIColor + Extensions.swift */,
			);
			path = Extensions;
			sourceTree = "<group>";
		};
		243024CF2C525B3500B0F1D3 = {
			isa = PBXGroup;
			children = (
				243024DA2C525B3500B0F1D3 /* Tracker */,
				243024D92C525B3500B0F1D3 /* Products */,
			);
			sourceTree = "<group>";
		};
		243024D92C525B3500B0F1D3 /* Products */ = {
			isa = PBXGroup;
			children = (
				243024D82C525B3500B0F1D3 /* Tracker.app */,
			);
			name = Products;
			sourceTree = "<group>";
		};
		243024DA2C525B3500B0F1D3 /* Tracker */ = {
			isa = PBXGroup;
			children = (
				2411D6922C6367470031C584 /* Extensions */,
				243024EF2C52891500B0F1D3 /* MainVC */,
				243024F12C52892600B0F1D3 /* StatisticVC */,
				243024F02C52891C00B0F1D3 /* TrackersVC */,
				243024DB2C525B3500B0F1D3 /* AppDelegate.swift */,
				243024DD2C525B3500B0F1D3 /* SceneDelegate.swift */,
				243024E42C525B3700B0F1D3 /* Assets.xcassets */,
				243024E62C525B3700B0F1D3 /* LaunchScreen.storyboard */,
				243024E92C525B3700B0F1D3 /* Info.plist */,
				243024F62C5292AD00B0F1D3 /* Logger.swift */,
				2411D6702C60CACF0031C584 /* GeometricParams.swift */,
			);
			path = Tracker;
			sourceTree = "<group>";
		};
		243024EF2C52891500B0F1D3 /* MainVC */ = {
			isa = PBXGroup;
			children = (
				243024DF2C525B3500B0F1D3 /* MainViewController.swift */,
			);
			path = MainVC;
			sourceTree = "<group>";
		};
		243024F02C52891C00B0F1D3 /* TrackersVC */ = {
			isa = PBXGroup;
			children = (
				2411D6692C5BCDE80031C584 /* SectionHeaderView.swift */,
				2411D6752C622DD60031C584 /* CreateTrackersVC */,
				2411D6722C621C3B0031C584 /* TypeTrackersVC */,
				2411D66F2C5CD3A30031C584 /* Extensions */,
				247E504C2C58DC3200630037 /* Models */,
				243024F22C52894900B0F1D3 /* TrackersViewController.swift */,
				243024FA2C53C4A500B0F1D3 /* TrackersCardCell.swift */,
				247E50552C58EEB300630037 /* TrackersPresenter.swift */,
			);
			path = TrackersVC;
			sourceTree = "<group>";
		};
		243024F12C52892600B0F1D3 /* StatisticVC */ = {
			isa = PBXGroup;
			children = (
				243024F42C5289B500B0F1D3 /* StatisticViewController.swift */,
			);
			path = StatisticVC;
			sourceTree = "<group>";
		};
		247E504C2C58DC3200630037 /* Models */ = {
			isa = PBXGroup;
			children = (
				247E504D2C58DC4800630037 /* Tracker.swift */,
				247E504F2C58DC6400630037 /* TrackerCategory.swift */,
				247E50512C58DC7700630037 /* TrackerRecord.swift */,
				247E50532C58EC5900630037 /* Schedule.swift */,
			);
			path = Models;
			sourceTree = "<group>";
		};
/* End PBXGroup section */

/* Begin PBXNativeTarget section */
		243024D72C525B3500B0F1D3 /* Tracker */ = {
			isa = PBXNativeTarget;
			buildConfigurationList = 243024EC2C525B3700B0F1D3 /* Build configuration list for PBXNativeTarget "Tracker" */;
			buildPhases = (
				243024D42C525B3500B0F1D3 /* Sources */,
				243024D52C525B3500B0F1D3 /* Frameworks */,
				243024D62C525B3500B0F1D3 /* Resources */,
			);
			buildRules = (
			);
			dependencies = (
			);
			name = Tracker;
			productName = Tracker;
			productReference = 243024D82C525B3500B0F1D3 /* Tracker.app */;
			productType = "com.apple.product-type.application";
		};
/* End PBXNativeTarget section */

/* Begin PBXProject section */
		243024D02C525B3500B0F1D3 /* Project object */ = {
			isa = PBXProject;
			attributes = {
				BuildIndependentTargetsInParallel = 1;
				LastSwiftUpdateCheck = 1540;
				LastUpgradeCheck = 1540;
				TargetAttributes = {
					243024D72C525B3500B0F1D3 = {
						CreatedOnToolsVersion = 15.4;
					};
				};
			};
			buildConfigurationList = 243024D32C525B3500B0F1D3 /* Build configuration list for PBXProject "Tracker" */;
			compatibilityVersion = "Xcode 14.0";
			developmentRegion = en;
			hasScannedForEncodings = 0;
			knownRegions = (
				en,
				Base,
			);
			mainGroup = 243024CF2C525B3500B0F1D3;
			productRefGroup = 243024D92C525B3500B0F1D3 /* Products */;
			projectDirPath = "";
			projectRoot = "";
			targets = (
				243024D72C525B3500B0F1D3 /* Tracker */,
			);
		};
/* End PBXProject section */

/* Begin PBXResourcesBuildPhase section */
		243024D62C525B3500B0F1D3 /* Resources */ = {
			isa = PBXResourcesBuildPhase;
			buildActionMask = 2147483647;
			files = (
				243024E52C525B3700B0F1D3 /* Assets.xcassets in Resources */,
				243024E82C525B3700B0F1D3 /* Base in Resources */,
			);
			runOnlyForDeploymentPostprocessing = 0;
		};
/* End PBXResourcesBuildPhase section */

/* Begin PBXSourcesBuildPhase section */
		243024D42C525B3500B0F1D3 /* Sources */ = {
			isa = PBXSourcesBuildPhase;
			buildActionMask = 2147483647;
			files = (
				247E50012C577E2700630037 /* Extension TrackersViewController + UICollectionDelegate.swift in Sources */,
				243024E02C525B3500B0F1D3 /* MainViewController.swift in Sources */,
				247E504E2C58DC4800630037 /* Tracker.swift in Sources */,
				243024F72C5292AD00B0F1D3 /* Logger.swift in Sources */,
				243024FB2C53C4A500B0F1D3 /* TrackersCardCell.swift in Sources */,
				247E50522C58DC7700630037 /* TrackerRecord.swift in Sources */,
				243024F32C52894900B0F1D3 /* TrackersViewController.swift in Sources */,
				2411D68F2C634DBD0031C584 /* CreateButtonsViewCell.swift in Sources */,
				2411D6912C635F0F0031C584 /* CollectionViewCell.swift in Sources */,
				2411D66A2C5BCDE80031C584 /* SectionHeaderView.swift in Sources */,
				2411D68B2C626AF60031C584 /* TrackerSection.swift in Sources */,
				2411D67C2C6233690031C584 /* Extension CreatingTrackerViewController + UITableViewDataSource, UITableViewDelegate.swift in Sources */,
				243024DC2C525B3500B0F1D3 /* AppDelegate.swift in Sources */,
				2411D67E2C6233F50031C584 /* CollectionTableViewCell.swift in Sources */,
				243024F52C5289B500B0F1D3 /* StatisticViewController.swift in Sources */,
				2411D6942C63676E0031C584 /* UIColor + Extensions.swift in Sources */,
				2411D6712C60CAD00031C584 /* GeometricParams.swift in Sources */,
				247E50562C58EEB300630037 /* TrackersPresenter.swift in Sources */,
				243024DE2C525B3500B0F1D3 /* SceneDelegate.swift in Sources */,
				247E4FFF2C577DC800630037 /* Extension TrackersViewController  + UICollectionViewDataSource.swift in Sources */,
				2411D6742C621C6E0031C584 /* TypeTrackersViewController.swift in Sources */,
				2411D66E2C5CD39A0031C584 /* Extension TrackersViewController + UICollectionViewDelegateFlowLayout.swift in Sources */,
				247E50542C58EC5900630037 /* Schedule.swift in Sources */,
				2411D6852C623F950031C584 /* TextViewCell.swift in Sources */,
				247E50502C58DC6400630037 /* TrackerCategory.swift in Sources */,
				2411D6892C624A380031C584 /* ButtonCell.swift in Sources */,
				2411D6772C622E200031C584 /* CreatingTrackerViewController.swift in Sources */,
			);
			runOnlyForDeploymentPostprocessing = 0;
		};
/* End PBXSourcesBuildPhase section */

/* Begin PBXVariantGroup section */
		243024E62C525B3700B0F1D3 /* LaunchScreen.storyboard */ = {
			isa = PBXVariantGroup;
			children = (
				243024E72C525B3700B0F1D3 /* Base */,
			);
			name = LaunchScreen.storyboard;
			sourceTree = "<group>";
		};
/* End PBXVariantGroup section */

/* Begin XCBuildConfiguration section */
		243024EA2C525B3700B0F1D3 /* Debug */ = {
			isa = XCBuildConfiguration;
			buildSettings = {
				ALWAYS_SEARCH_USER_PATHS = NO;
				ASSETCATALOG_COMPILER_GENERATE_SWIFT_ASSET_SYMBOL_EXTENSIONS = YES;
				CLANG_ANALYZER_NONNULL = YES;
				CLANG_ANALYZER_NUMBER_OBJECT_CONVERSION = YES_AGGRESSIVE;
				CLANG_CXX_LANGUAGE_STANDARD = "gnu++20";
				CLANG_ENABLE_MODULES = YES;
				CLANG_ENABLE_OBJC_ARC = YES;
				CLANG_ENABLE_OBJC_WEAK = YES;
				CLANG_WARN_BLOCK_CAPTURE_AUTORELEASING = YES;
				CLANG_WARN_BOOL_CONVERSION = YES;
				CLANG_WARN_COMMA = YES;
				CLANG_WARN_CONSTANT_CONVERSION = YES;
				CLANG_WARN_DEPRECATED_OBJC_IMPLEMENTATIONS = YES;
				CLANG_WARN_DIRECT_OBJC_ISA_USAGE = YES_ERROR;
				CLANG_WARN_DOCUMENTATION_COMMENTS = YES;
				CLANG_WARN_EMPTY_BODY = YES;
				CLANG_WARN_ENUM_CONVERSION = YES;
				CLANG_WARN_INFINITE_RECURSION = YES;
				CLANG_WARN_INT_CONVERSION = YES;
				CLANG_WARN_NON_LITERAL_NULL_CONVERSION = YES;
				CLANG_WARN_OBJC_IMPLICIT_RETAIN_SELF = YES;
				CLANG_WARN_OBJC_LITERAL_CONVERSION = YES;
				CLANG_WARN_OBJC_ROOT_CLASS = YES_ERROR;
				CLANG_WARN_QUOTED_INCLUDE_IN_FRAMEWORK_HEADER = YES;
				CLANG_WARN_RANGE_LOOP_ANALYSIS = YES;
				CLANG_WARN_STRICT_PROTOTYPES = YES;
				CLANG_WARN_SUSPICIOUS_MOVE = YES;
				CLANG_WARN_UNGUARDED_AVAILABILITY = YES_AGGRESSIVE;
				CLANG_WARN_UNREACHABLE_CODE = YES;
				CLANG_WARN__DUPLICATE_METHOD_MATCH = YES;
				COPY_PHASE_STRIP = NO;
				DEBUG_INFORMATION_FORMAT = dwarf;
				ENABLE_STRICT_OBJC_MSGSEND = YES;
				ENABLE_TESTABILITY = YES;
				ENABLE_USER_SCRIPT_SANDBOXING = YES;
				GCC_C_LANGUAGE_STANDARD = gnu17;
				GCC_DYNAMIC_NO_PIC = NO;
				GCC_NO_COMMON_BLOCKS = YES;
				GCC_OPTIMIZATION_LEVEL = 0;
				GCC_PREPROCESSOR_DEFINITIONS = (
					"DEBUG=1",
					"$(inherited)",
				);
				GCC_WARN_64_TO_32_BIT_CONVERSION = YES;
				GCC_WARN_ABOUT_RETURN_TYPE = YES_ERROR;
				GCC_WARN_UNDECLARED_SELECTOR = YES;
				GCC_WARN_UNINITIALIZED_AUTOS = YES_AGGRESSIVE;
				GCC_WARN_UNUSED_FUNCTION = YES;
				GCC_WARN_UNUSED_VARIABLE = YES;
				IPHONEOS_DEPLOYMENT_TARGET = 13.4;
				LOCALIZATION_PREFERS_STRING_CATALOGS = YES;
				MTL_ENABLE_DEBUG_INFO = INCLUDE_SOURCE;
				MTL_FAST_MATH = YES;
				ONLY_ACTIVE_ARCH = YES;
				SDKROOT = iphoneos;
				SWIFT_ACTIVE_COMPILATION_CONDITIONS = "DEBUG $(inherited)";
				SWIFT_OPTIMIZATION_LEVEL = "-Onone";
			};
			name = Debug;
		};
		243024EB2C525B3700B0F1D3 /* Release */ = {
			isa = XCBuildConfiguration;
			buildSettings = {
				ALWAYS_SEARCH_USER_PATHS = NO;
				ASSETCATALOG_COMPILER_GENERATE_SWIFT_ASSET_SYMBOL_EXTENSIONS = YES;
				CLANG_ANALYZER_NONNULL = YES;
				CLANG_ANALYZER_NUMBER_OBJECT_CONVERSION = YES_AGGRESSIVE;
				CLANG_CXX_LANGUAGE_STANDARD = "gnu++20";
				CLANG_ENABLE_MODULES = YES;
				CLANG_ENABLE_OBJC_ARC = YES;
				CLANG_ENABLE_OBJC_WEAK = YES;
				CLANG_WARN_BLOCK_CAPTURE_AUTORELEASING = YES;
				CLANG_WARN_BOOL_CONVERSION = YES;
				CLANG_WARN_COMMA = YES;
				CLANG_WARN_CONSTANT_CONVERSION = YES;
				CLANG_WARN_DEPRECATED_OBJC_IMPLEMENTATIONS = YES;
				CLANG_WARN_DIRECT_OBJC_ISA_USAGE = YES_ERROR;
				CLANG_WARN_DOCUMENTATION_COMMENTS = YES;
				CLANG_WARN_EMPTY_BODY = YES;
				CLANG_WARN_ENUM_CONVERSION = YES;
				CLANG_WARN_INFINITE_RECURSION = YES;
				CLANG_WARN_INT_CONVERSION = YES;
				CLANG_WARN_NON_LITERAL_NULL_CONVERSION = YES;
				CLANG_WARN_OBJC_IMPLICIT_RETAIN_SELF = YES;
				CLANG_WARN_OBJC_LITERAL_CONVERSION = YES;
				CLANG_WARN_OBJC_ROOT_CLASS = YES_ERROR;
				CLANG_WARN_QUOTED_INCLUDE_IN_FRAMEWORK_HEADER = YES;
				CLANG_WARN_RANGE_LOOP_ANALYSIS = YES;
				CLANG_WARN_STRICT_PROTOTYPES = YES;
				CLANG_WARN_SUSPICIOUS_MOVE = YES;
				CLANG_WARN_UNGUARDED_AVAILABILITY = YES_AGGRESSIVE;
				CLANG_WARN_UNREACHABLE_CODE = YES;
				CLANG_WARN__DUPLICATE_METHOD_MATCH = YES;
				COPY_PHASE_STRIP = NO;
				DEBUG_INFORMATION_FORMAT = "dwarf-with-dsym";
				ENABLE_NS_ASSERTIONS = NO;
				ENABLE_STRICT_OBJC_MSGSEND = YES;
				ENABLE_USER_SCRIPT_SANDBOXING = YES;
				GCC_C_LANGUAGE_STANDARD = gnu17;
				GCC_NO_COMMON_BLOCKS = YES;
				GCC_WARN_64_TO_32_BIT_CONVERSION = YES;
				GCC_WARN_ABOUT_RETURN_TYPE = YES_ERROR;
				GCC_WARN_UNDECLARED_SELECTOR = YES;
				GCC_WARN_UNINITIALIZED_AUTOS = YES_AGGRESSIVE;
				GCC_WARN_UNUSED_FUNCTION = YES;
				GCC_WARN_UNUSED_VARIABLE = YES;
				IPHONEOS_DEPLOYMENT_TARGET = 13.4;
				LOCALIZATION_PREFERS_STRING_CATALOGS = YES;
				MTL_ENABLE_DEBUG_INFO = NO;
				MTL_FAST_MATH = YES;
				SDKROOT = iphoneos;
				SWIFT_COMPILATION_MODE = wholemodule;
				VALIDATE_PRODUCT = YES;
			};
			name = Release;
		};
		243024ED2C525B3700B0F1D3 /* Debug */ = {
			isa = XCBuildConfiguration;
			buildSettings = {
				ASSETCATALOG_COMPILER_APPICON_NAME = AppIcon;
				ASSETCATALOG_COMPILER_GLOBAL_ACCENT_COLOR_NAME = AccentColor;
				CODE_SIGN_STYLE = Automatic;
				CURRENT_PROJECT_VERSION = 1;
				DEVELOPMENT_TEAM = B497B3XW8R;
				GENERATE_INFOPLIST_FILE = YES;
				INFOPLIST_FILE = Tracker/Info.plist;
				INFOPLIST_KEY_UIApplicationSupportsIndirectInputEvents = YES;
				INFOPLIST_KEY_UILaunchStoryboardName = LaunchScreen;
				INFOPLIST_KEY_UISupportedInterfaceOrientations = UIInterfaceOrientationPortrait;
				IPHONEOS_DEPLOYMENT_TARGET = 13.4;
				LD_RUNPATH_SEARCH_PATHS = (
					"$(inherited)",
					"@executable_path/Frameworks",
				);
				MARKETING_VERSION = 1.0;
				PRODUCT_BUNDLE_IDENTIFIER = ru.yandex.practicum.Tracker;
				PRODUCT_NAME = "$(TARGET_NAME)";
				SUPPORTED_PLATFORMS = "iphoneos iphonesimulator";
				SUPPORTS_MACCATALYST = NO;
				SUPPORTS_MAC_DESIGNED_FOR_IPHONE_IPAD = NO;
				SUPPORTS_XR_DESIGNED_FOR_IPHONE_IPAD = NO;
				SWIFT_EMIT_LOC_STRINGS = YES;
				SWIFT_VERSION = 5.0;
				TARGETED_DEVICE_FAMILY = 1;
			};
			name = Debug;
		};
		243024EE2C525B3700B0F1D3 /* Release */ = {
			isa = XCBuildConfiguration;
			buildSettings = {
				ASSETCATALOG_COMPILER_APPICON_NAME = AppIcon;
				ASSETCATALOG_COMPILER_GLOBAL_ACCENT_COLOR_NAME = AccentColor;
				CODE_SIGN_STYLE = Automatic;
				CURRENT_PROJECT_VERSION = 1;
				DEVELOPMENT_TEAM = B497B3XW8R;
				GENERATE_INFOPLIST_FILE = YES;
				INFOPLIST_FILE = Tracker/Info.plist;
				INFOPLIST_KEY_UIApplicationSupportsIndirectInputEvents = YES;
				INFOPLIST_KEY_UILaunchStoryboardName = LaunchScreen;
				INFOPLIST_KEY_UISupportedInterfaceOrientations = UIInterfaceOrientationPortrait;
				IPHONEOS_DEPLOYMENT_TARGET = 13.4;
				LD_RUNPATH_SEARCH_PATHS = (
					"$(inherited)",
					"@executable_path/Frameworks",
				);
				MARKETING_VERSION = 1.0;
				PRODUCT_BUNDLE_IDENTIFIER = ru.yandex.practicum.Tracker;
				PRODUCT_NAME = "$(TARGET_NAME)";
				SUPPORTED_PLATFORMS = "iphoneos iphonesimulator";
				SUPPORTS_MACCATALYST = NO;
				SUPPORTS_MAC_DESIGNED_FOR_IPHONE_IPAD = NO;
				SUPPORTS_XR_DESIGNED_FOR_IPHONE_IPAD = NO;
				SWIFT_EMIT_LOC_STRINGS = YES;
				SWIFT_VERSION = 5.0;
				TARGETED_DEVICE_FAMILY = 1;
			};
			name = Release;
		};
/* End XCBuildConfiguration section */

/* Begin XCConfigurationList section */
		243024D32C525B3500B0F1D3 /* Build configuration list for PBXProject "Tracker" */ = {
			isa = XCConfigurationList;
			buildConfigurations = (
				243024EA2C525B3700B0F1D3 /* Debug */,
				243024EB2C525B3700B0F1D3 /* Release */,
			);
			defaultConfigurationIsVisible = 0;
			defaultConfigurationName = Release;
		};
		243024EC2C525B3700B0F1D3 /* Build configuration list for PBXNativeTarget "Tracker" */ = {
			isa = XCConfigurationList;
			buildConfigurations = (
				243024ED2C525B3700B0F1D3 /* Debug */,
				243024EE2C525B3700B0F1D3 /* Release */,
			);
			defaultConfigurationIsVisible = 0;
			defaultConfigurationName = Release;
		};
/* End XCConfigurationList section */
	};
	rootObject = 243024D02C525B3500B0F1D3 /* Project object */;
}
